// !$*UTF8*$!
{
	archiveVersion = 1;
	classes = {
	};
	objectVersion = 46;
	objects = {

/* Begin PBXBuildFile section */
		CC0394061B7DEE55007309F1 /* MGAccount.m in Sources */ = {isa = PBXBuildFile; fileRef = CC0394051B7DEE55007309F1 /* MGAccount.m */; };
		CC1D9D331BD2D02D00839EEB /* new_feature_1-568h@2x.png in Resources */ = {isa = PBXBuildFile; fileRef = CC1D9D301BD2D02D00839EEB /* new_feature_1-568h@2x.png */; };
		CC1D9D341BD2D02D00839EEB /* new_feature_2-568h@2x.png in Resources */ = {isa = PBXBuildFile; fileRef = CC1D9D311BD2D02D00839EEB /* new_feature_2-568h@2x.png */; };
		CC1D9D351BD2D02D00839EEB /* new_feature_3-568h@2x.png in Resources */ = {isa = PBXBuildFile; fileRef = CC1D9D321BD2D02D00839EEB /* new_feature_3-568h@2x.png */; };
		CC2F729E1BD3DCAE0046A21D /* UIView+Layout.m in Sources */ = {isa = PBXBuildFile; fileRef = CC2F729D1BD3DCAE0046A21D /* UIView+Layout.m */; };
		CC3BAA2A1B400E77005CA92B /* MgTabBarButton.m in Sources */ = {isa = PBXBuildFile; fileRef = CC3BAA291B400E77005CA92B /* MgTabBarButton.m */; };
		CC3C2A571BEEC7C5006C6277 /* MGStatusPhotosView.m in Sources */ = {isa = PBXBuildFile; fileRef = CC3C2A541BEEC7C5006C6277 /* MGStatusPhotosView.m */; };
		CC3C2A581BEEC7C5006C6277 /* MGStatusPhotoView.m in Sources */ = {isa = PBXBuildFile; fileRef = CC3C2A561BEEC7C5006C6277 /* MGStatusPhotoView.m */; };
		CC3C2BD51BEF9AFC006C6277 /* MGComposeViewController.m in Sources */ = {isa = PBXBuildFile; fileRef = CC3C2BD41BEF9AFC006C6277 /* MGComposeViewController.m */; };
		CC3C2BD81BEFA612006C6277 /* MGPlaceholderTextView.m in Sources */ = {isa = PBXBuildFile; fileRef = CC3C2BD71BEFA612006C6277 /* MGPlaceholderTextView.m */; };
		CC464C7A1B8B5E200087A67E /* MGStatusFrame.m in Sources */ = {isa = PBXBuildFile; fileRef = CC464C791B8B5E200087A67E /* MGStatusFrame.m */; };
		CC47A3731BF6D9A100EC990F /* MGComposeToolbar.m in Sources */ = {isa = PBXBuildFile; fileRef = CC47A3721BF6D9A100EC990F /* MGComposeToolbar.m */; };
		CC4D5ABC1BF8E50A00F85B16 /* MGHttpTool.m in Sources */ = {isa = PBXBuildFile; fileRef = CC4D5ABB1BF8E50A00F85B16 /* MGHttpTool.m */; };
		CC55AC071B43957B00F9A89F /* MGNavigationController.m in Sources */ = {isa = PBXBuildFile; fileRef = CC55AC061B43957B00F9A89F /* MGNavigationController.m */; };
		CC5F313D1B89B1E900603055 /* MGWeiboTool.m in Sources */ = {isa = PBXBuildFile; fileRef = CC5F313C1B89B1E800603055 /* MGWeiboTool.m */; };
		CC5F31491B89BF9300603055 /* MGAccountTool.m in Sources */ = {isa = PBXBuildFile; fileRef = CC5F31481B89BF9300603055 /* MGAccountTool.m */; };
		CC5F32731B8A2AEA00603055 /* MGStatus.m in Sources */ = {isa = PBXBuildFile; fileRef = CC5F32721B8A2AEA00603055 /* MGStatus.m */; };
		CC5F32761B8A2D7A00603055 /* MGUser.m in Sources */ = {isa = PBXBuildFile; fileRef = CC5F32751B8A2D7A00603055 /* MGUser.m */; };
		CC60FBCE1B8AC736001571C6 /* MGStatusCell.m in Sources */ = {isa = PBXBuildFile; fileRef = CC60FBCD1B8AC736001571C6 /* MGStatusCell.m */; };
		CC63C9141BF82F9F00C51FB7 /* MGPhotosView.m in Sources */ = {isa = PBXBuildFile; fileRef = CC63C9131BF82F9F00C51FB7 /* MGPhotosView.m */; };
		CC6475B31BD009C500310D27 /* MGPhoto.m in Sources */ = {isa = PBXBuildFile; fileRef = CC6475B21BD009C500310D27 /* MGPhoto.m */; };
		CC6799EB1BCC74E0006B877D /* MGRetweetStatusView.m in Sources */ = {isa = PBXBuildFile; fileRef = CC6799EA1BCC74E0006B877D /* MGRetweetStatusView.m */; };
		CC6799EE1BCC7D06006B877D /* MGStatusTopView.m in Sources */ = {isa = PBXBuildFile; fileRef = CC6799ED1BCC7D06006B877D /* MGStatusTopView.m */; };
		CC6DD4C51B3FA2DB00B5D860 /* MGTabBar.m in Sources */ = {isa = PBXBuildFile; fileRef = CC6DD4C41B3FA2DB00B5D860 /* MGTabBar.m */; };
		CC71BE4C1B462A4C0076AE04 /* MGNewfeatureViewController.m in Sources */ = {isa = PBXBuildFile; fileRef = CC71BE4B1B462A4C0076AE04 /* MGNewfeatureViewController.m */; };
		CC79C4E31BCAAAEE0057D481 /* MGStatusToolBar.m in Sources */ = {isa = PBXBuildFile; fileRef = CC79C4E21BCAAAEE0057D481 /* MGStatusToolBar.m */; };
		CC7AE4101CBEDB4700241975 /* AFHTTPRequestOperation.m in Sources */ = {isa = PBXBuildFile; fileRef = CC7AE3AB1CBEDB4700241975 /* AFHTTPRequestOperation.m */; };
		CC7AE4111CBEDB4700241975 /* AFHTTPRequestOperationManager.m in Sources */ = {isa = PBXBuildFile; fileRef = CC7AE3AD1CBEDB4700241975 /* AFHTTPRequestOperationManager.m */; };
		CC7AE4121CBEDB4700241975 /* AFHTTPSessionManager.m in Sources */ = {isa = PBXBuildFile; fileRef = CC7AE3AF1CBEDB4700241975 /* AFHTTPSessionManager.m */; };
		CC7AE4131CBEDB4700241975 /* AFNetworkReachabilityManager.m in Sources */ = {isa = PBXBuildFile; fileRef = CC7AE3B21CBEDB4700241975 /* AFNetworkReachabilityManager.m */; };
		CC7AE4141CBEDB4700241975 /* AFSecurityPolicy.m in Sources */ = {isa = PBXBuildFile; fileRef = CC7AE3B41CBEDB4700241975 /* AFSecurityPolicy.m */; };
		CC7AE4151CBEDB4700241975 /* AFURLConnectionOperation.m in Sources */ = {isa = PBXBuildFile; fileRef = CC7AE3B61CBEDB4700241975 /* AFURLConnectionOperation.m */; };
		CC7AE4161CBEDB4700241975 /* AFURLRequestSerialization.m in Sources */ = {isa = PBXBuildFile; fileRef = CC7AE3B81CBEDB4700241975 /* AFURLRequestSerialization.m */; };
		CC7AE4171CBEDB4700241975 /* AFURLResponseSerialization.m in Sources */ = {isa = PBXBuildFile; fileRef = CC7AE3BA1CBEDB4700241975 /* AFURLResponseSerialization.m */; };
		CC7AE4181CBEDB4700241975 /* AFURLSessionManager.m in Sources */ = {isa = PBXBuildFile; fileRef = CC7AE3BC1CBEDB4700241975 /* AFURLSessionManager.m */; };
		CC7AE4191CBEDB4700241975 /* MBProgressHUD+MJ.m in Sources */ = {isa = PBXBuildFile; fileRef = CC7AE3BF1CBEDB4700241975 /* MBProgressHUD+MJ.m */; };
		CC7AE41A1CBEDB4700241975 /* MBProgressHUD.bundle in Resources */ = {isa = PBXBuildFile; fileRef = CC7AE3C01CBEDB4700241975 /* MBProgressHUD.bundle */; };
		CC7AE41B1CBEDB4700241975 /* MBProgressHUD.m in Sources */ = {isa = PBXBuildFile; fileRef = CC7AE3C21CBEDB4700241975 /* MBProgressHUD.m */; };
		CC7AE41C1CBEDB4700241975 /* MJConst.m in Sources */ = {isa = PBXBuildFile; fileRef = CC7AE3C51CBEDB4700241975 /* MJConst.m */; };
		CC7AE41D1CBEDB4700241975 /* MJFoundation.m in Sources */ = {isa = PBXBuildFile; fileRef = CC7AE3C81CBEDB4700241975 /* MJFoundation.m */; };
		CC7AE41E1CBEDB4700241975 /* MJIvar.m in Sources */ = {isa = PBXBuildFile; fileRef = CC7AE3CA1CBEDB4700241975 /* MJIvar.m */; };
		CC7AE41F1CBEDB4700241975 /* MJType.m in Sources */ = {isa = PBXBuildFile; fileRef = CC7AE3CC1CBEDB4700241975 /* MJType.m */; };
		CC7AE4201CBEDB4700241975 /* NSObject+MJCoding.m in Sources */ = {isa = PBXBuildFile; fileRef = CC7AE3CE1CBEDB4700241975 /* NSObject+MJCoding.m */; };
		CC7AE4211CBEDB4700241975 /* NSObject+MJIvar.m in Sources */ = {isa = PBXBuildFile; fileRef = CC7AE3D01CBEDB4700241975 /* NSObject+MJIvar.m */; };
		CC7AE4221CBEDB4700241975 /* NSObject+MJKeyValue.m in Sources */ = {isa = PBXBuildFile; fileRef = CC7AE3D21CBEDB4700241975 /* NSObject+MJKeyValue.m */; };
		CC7AE4231CBEDB4700241975 /* MJPhoto.m in Sources */ = {isa = PBXBuildFile; fileRef = CC7AE3D51CBEDB4700241975 /* MJPhoto.m */; };
		CC7AE4241CBEDB4700241975 /* MJPhotoBrowser.bundle in Resources */ = {isa = PBXBuildFile; fileRef = CC7AE3D61CBEDB4700241975 /* MJPhotoBrowser.bundle */; };
		CC7AE4251CBEDB4700241975 /* MJPhotoBrowser.m in Sources */ = {isa = PBXBuildFile; fileRef = CC7AE3D81CBEDB4700241975 /* MJPhotoBrowser.m */; };
		CC7AE4261CBEDB4700241975 /* MJPhotoLoadingView.m in Sources */ = {isa = PBXBuildFile; fileRef = CC7AE3DA1CBEDB4700241975 /* MJPhotoLoadingView.m */; };
		CC7AE4271CBEDB4700241975 /* MJPhotoProgressView.m in Sources */ = {isa = PBXBuildFile; fileRef = CC7AE3DC1CBEDB4700241975 /* MJPhotoProgressView.m */; };
		CC7AE4281CBEDB4700241975 /* MJPhotoToolbar.m in Sources */ = {isa = PBXBuildFile; fileRef = CC7AE3DE1CBEDB4700241975 /* MJPhotoToolbar.m */; };
		CC7AE4291CBEDB4700241975 /* MJPhotoView.m in Sources */ = {isa = PBXBuildFile; fileRef = CC7AE3E01CBEDB4700241975 /* MJPhotoView.m */; };
		CC7AE42A1CBEDB4700241975 /* SDWebImageManager+MJ.m in Sources */ = {isa = PBXBuildFile; fileRef = CC7AE3E21CBEDB4700241975 /* SDWebImageManager+MJ.m */; };
		CC7AE42B1CBEDB4700241975 /* MJRefresh.bundle in Resources */ = {isa = PBXBuildFile; fileRef = CC7AE3E41CBEDB4700241975 /* MJRefresh.bundle */; };
		CC7AE42C1CBEDB4700241975 /* MJRefreshBaseView.m in Sources */ = {isa = PBXBuildFile; fileRef = CC7AE3E71CBEDB4700241975 /* MJRefreshBaseView.m */; };
		CC7AE42D1CBEDB4700241975 /* MJRefreshConst.m in Sources */ = {isa = PBXBuildFile; fileRef = CC7AE3E91CBEDB4700241975 /* MJRefreshConst.m */; };
		CC7AE42E1CBEDB4700241975 /* MJRefreshFooterView.m in Sources */ = {isa = PBXBuildFile; fileRef = CC7AE3EB1CBEDB4700241975 /* MJRefreshFooterView.m */; };
		CC7AE42F1CBEDB4700241975 /* MJRefreshHeaderView.m in Sources */ = {isa = PBXBuildFile; fileRef = CC7AE3ED1CBEDB4700241975 /* MJRefreshHeaderView.m */; };
		CC7AE4301CBEDB4700241975 /* MKAnnotationView+WebCache.m in Sources */ = {isa = PBXBuildFile; fileRef = CC7AE3F01CBEDB4700241975 /* MKAnnotationView+WebCache.m */; };
		CC7AE4311CBEDB4700241975 /* NSData+ImageContentType.m in Sources */ = {isa = PBXBuildFile; fileRef = CC7AE3F21CBEDB4700241975 /* NSData+ImageContentType.m */; };
		CC7AE4321CBEDB4700241975 /* SDImageCache.m in Sources */ = {isa = PBXBuildFile; fileRef = CC7AE3F41CBEDB4700241975 /* SDImageCache.m */; };
		CC7AE4331CBEDB4700241975 /* SDWebImageCompat.m in Sources */ = {isa = PBXBuildFile; fileRef = CC7AE3F61CBEDB4700241975 /* SDWebImageCompat.m */; };
		CC7AE4341CBEDB4700241975 /* SDWebImageDecoder.m in Sources */ = {isa = PBXBuildFile; fileRef = CC7AE3F81CBEDB4700241975 /* SDWebImageDecoder.m */; };
		CC7AE4351CBEDB4700241975 /* SDWebImageDownloader.m in Sources */ = {isa = PBXBuildFile; fileRef = CC7AE3FA1CBEDB4700241975 /* SDWebImageDownloader.m */; };
		CC7AE4361CBEDB4700241975 /* SDWebImageDownloaderOperation.m in Sources */ = {isa = PBXBuildFile; fileRef = CC7AE3FC1CBEDB4700241975 /* SDWebImageDownloaderOperation.m */; };
		CC7AE4371CBEDB4700241975 /* SDWebImageManager.m in Sources */ = {isa = PBXBuildFile; fileRef = CC7AE3FE1CBEDB4700241975 /* SDWebImageManager.m */; };
		CC7AE4381CBEDB4700241975 /* SDWebImagePrefetcher.m in Sources */ = {isa = PBXBuildFile; fileRef = CC7AE4011CBEDB4700241975 /* SDWebImagePrefetcher.m */; };
		CC7AE4391CBEDB4700241975 /* UIButton+WebCache.m in Sources */ = {isa = PBXBuildFile; fileRef = CC7AE4031CBEDB4700241975 /* UIButton+WebCache.m */; };
		CC7AE43A1CBEDB4700241975 /* UIImage+GIF.m in Sources */ = {isa = PBXBuildFile; fileRef = CC7AE4051CBEDB4700241975 /* UIImage+GIF.m */; };
		CC7AE43B1CBEDB4700241975 /* UIImage+MultiFormat.m in Sources */ = {isa = PBXBuildFile; fileRef = CC7AE4071CBEDB4700241975 /* UIImage+MultiFormat.m */; };
		CC7AE43C1CBEDB4700241975 /* UIImage+WebP.m in Sources */ = {isa = PBXBuildFile; fileRef = CC7AE4091CBEDB4700241975 /* UIImage+WebP.m */; };
		CC7AE43D1CBEDB4700241975 /* UIImageView+HighlightedWebCache.m in Sources */ = {isa = PBXBuildFile; fileRef = CC7AE40B1CBEDB4700241975 /* UIImageView+HighlightedWebCache.m */; };
		CC7AE43E1CBEDB4700241975 /* UIImageView+WebCache.m in Sources */ = {isa = PBXBuildFile; fileRef = CC7AE40D1CBEDB4700241975 /* UIImageView+WebCache.m */; };
		CC7AE43F1CBEDB4700241975 /* UIView+WebCacheOperation.m in Sources */ = {isa = PBXBuildFile; fileRef = CC7AE40F1CBEDB4700241975 /* UIView+WebCacheOperation.m */; };
		CC7AE4611CBEE92000241975 /* IWSettingViewController.m in Sources */ = {isa = PBXBuildFile; fileRef = CC7AE4601CBEE92000241975 /* IWSettingViewController.m */; };
		CC7AE4741CBEE92A00241975 /* IWSettingCheckGroup.m in Sources */ = {isa = PBXBuildFile; fileRef = CC7AE4641CBEE92A00241975 /* IWSettingCheckGroup.m */; };
		CC7AE4751CBEE92A00241975 /* IWSettingGroup.m in Sources */ = {isa = PBXBuildFile; fileRef = CC7AE4661CBEE92A00241975 /* IWSettingGroup.m */; };
		CC7AE4761CBEE92A00241975 /* IWSettingArrowItem.m in Sources */ = {isa = PBXBuildFile; fileRef = CC7AE4691CBEE92A00241975 /* IWSettingArrowItem.m */; };
		CC7AE4771CBEE92A00241975 /* IWSettingCheckItem.m in Sources */ = {isa = PBXBuildFile; fileRef = CC7AE46B1CBEE92A00241975 /* IWSettingCheckItem.m */; };
		CC7AE4781CBEE92A00241975 /* IWSettingItem.m in Sources */ = {isa = PBXBuildFile; fileRef = CC7AE46D1CBEE92A00241975 /* IWSettingItem.m */; };
		CC7AE4791CBEE92A00241975 /* IWSettingLabelItem.m in Sources */ = {isa = PBXBuildFile; fileRef = CC7AE46F1CBEE92A00241975 /* IWSettingLabelItem.m */; };
		CC7AE47A1CBEE92A00241975 /* IWSettingSwitchItem.m in Sources */ = {isa = PBXBuildFile; fileRef = CC7AE4711CBEE92A00241975 /* IWSettingSwitchItem.m */; };
		CC7AE47B1CBEE92A00241975 /* IWSettingValueItem.m in Sources */ = {isa = PBXBuildFile; fileRef = CC7AE4731CBEE92A00241975 /* IWSettingValueItem.m */; };
		CC7AE4871CBEE93800241975 /* IWBgCell.m in Sources */ = {isa = PBXBuildFile; fileRef = CC7AE47E1CBEE93800241975 /* IWBgCell.m */; };
		CC7AE4881CBEE93800241975 /* IWSettingCell.m in Sources */ = {isa = PBXBuildFile; fileRef = CC7AE4801CBEE93800241975 /* IWSettingCell.m */; };
		CC7AE4891CBEE93800241975 /* IWBadgeButton.m in Sources */ = {isa = PBXBuildFile; fileRef = CC7AE4821CBEE93800241975 /* IWBadgeButton.m */; };
		CC7AE48A1CBEE93800241975 /* IWTabBar.m in Sources */ = {isa = PBXBuildFile; fileRef = CC7AE4841CBEE93800241975 /* IWTabBar.m */; };
		CC7AE48B1CBEE93800241975 /* IWTabBarButton.m in Sources */ = {isa = PBXBuildFile; fileRef = CC7AE4861CBEE93800241975 /* IWTabBarButton.m */; };
		CC7AE48D1CBEEB1300241975 /* MGCommon.m in Sources */ = {isa = PBXBuildFile; fileRef = CC7AE48C1CBEEB1300241975 /* MGCommon.m */; };
		CC7AE4A61CBEEC3F00241975 /* IWCheckViewController.m in Sources */ = {isa = PBXBuildFile; fileRef = CC7AE4911CBEEC3F00241975 /* IWCheckViewController.m */; };
		CC7AE4A71CBEEC3F00241975 /* IWFontViewController.m in Sources */ = {isa = PBXBuildFile; fileRef = CC7AE4931CBEEC3F00241975 /* IWFontViewController.m */; };
		CC7AE4A81CBEEC3F00241975 /* IWGeneralViewController.m in Sources */ = {isa = PBXBuildFile; fileRef = CC7AE4951CBEEC3F00241975 /* IWGeneralViewController.m */; };
		CC7AE4A91CBEEC3F00241975 /* IWIconQualityViewController.m in Sources */ = {isa = PBXBuildFile; fileRef = CC7AE4971CBEEC3F00241975 /* IWIconQualityViewController.m */; };
		CC7AE4AA1CBEEC3F00241975 /* IWLanguageViewController.m in Sources */ = {isa = PBXBuildFile; fileRef = CC7AE4991CBEEC3F00241975 /* IWLanguageViewController.m */; };
		CC7AE4AC1CBEEC3F00241975 /* IWReadModeViewController.m in Sources */ = {isa = PBXBuildFile; fileRef = CC7AE49D1CBEEC3F00241975 /* IWReadModeViewController.m */; };
		CC7AE4AD1CBEEC3F00241975 /* IWSystemSettingViewController.m in Sources */ = {isa = PBXBuildFile; fileRef = CC7AE49F1CBEEC3F00241975 /* IWSystemSettingViewController.m */; };
		CC7AE4AE1CBEEC3F00241975 /* IWThemeBgViewController.m in Sources */ = {isa = PBXBuildFile; fileRef = CC7AE4A11CBEEC3F00241975 /* IWThemeBgViewController.m */; };
		CC7AE4AF1CBEEC3F00241975 /* MGMineViewController.m in Sources */ = {isa = PBXBuildFile; fileRef = CC7AE4A31CBEEC3F00241975 /* MGMineViewController.m */; };
		CC8CD3AD1B6A864F00B4E043 /* MGOAuthViewController.m in Sources */ = {isa = PBXBuildFile; fileRef = CC8CD3AC1B6A864F00B4E043 /* MGOAuthViewController.m */; };
		CC97E32A1B416A15005CE29F /* MGBadgeButton.m in Sources */ = {isa = PBXBuildFile; fileRef = CC97E3291B416A15005CE29F /* MGBadgeButton.m */; };
		CCB7DCD41B3E401300708281 /* Images.xcassets in Resources */ = {isa = PBXBuildFile; fileRef = CCB7DCD31B3E401300708281 /* Images.xcassets */; };
		CCB853051B3E916100CD4662 /* MGDiscoverViewController.m in Sources */ = {isa = PBXBuildFile; fileRef = CCB852E61B3E916100CD4662 /* MGDiscoverViewController.m */; };
		CCB853061B3E916100CD4662 /* MGHomeViewController.m in Sources */ = {isa = PBXBuildFile; fileRef = CCB852EC1B3E916100CD4662 /* MGHomeViewController.m */; };
		CCB853071B3E916100CD4662 /* MGTabBarViewController.m in Sources */ = {isa = PBXBuildFile; fileRef = CCB852F21B3E916100CD4662 /* MGTabBarViewController.m */; };
		CCB853091B3E916100CD4662 /* MgMessageViewController.m in Sources */ = {isa = PBXBuildFile; fileRef = CCB852FE1B3E916100CD4662 /* MgMessageViewController.m */; };
		CCB8530A1B3E916100CD4662 /* AppDelegate.m in Sources */ = {isa = PBXBuildFile; fileRef = CCB853031B3E916100CD4662 /* AppDelegate.m */; };
		CCB8530B1B3E916100CD4662 /* main.m in Sources */ = {isa = PBXBuildFile; fileRef = CCB853041B3E916100CD4662 /* main.m */; };
		CCB853111B3ECA6E00CD4662 /* UIImage+MG.m in Sources */ = {isa = PBXBuildFile; fileRef = CCB853101B3ECA6E00CD4662 /* UIImage+MG.m */; };
		CCE7B66D1B43DEA000BDA866 /* UIBarButtonItem+MG.m in Sources */ = {isa = PBXBuildFile; fileRef = CCE7B66C1B43DEA000BDA866 /* UIBarButtonItem+MG.m */; };
		CCE7B6701B43ED2500BDA866 /* MGSearchBar.m in Sources */ = {isa = PBXBuildFile; fileRef = CCE7B66F1B43ED2500BDA866 /* MGSearchBar.m */; };
		CCE7B6731B44143500BDA866 /* MGTitleButton.m in Sources */ = {isa = PBXBuildFile; fileRef = CCE7B6721B44143500BDA866 /* MGTitleButton.m */; };
		CCF0C3741BC6D65A007063F4 /* NSDate+MG.m in Sources */ = {isa = PBXBuildFile; fileRef = CCF0C3731BC6D65A007063F4 /* NSDate+MG.m */; };
/* End PBXBuildFile section */

/* Begin PBXFileReference section */
		CC0394041B7DEE55007309F1 /* MGAccount.h */ = {isa = PBXFileReference; fileEncoding = 4; lastKnownFileType = sourcecode.c.h; path = MGAccount.h; sourceTree = "<group>"; };
		CC0394051B7DEE55007309F1 /* MGAccount.m */ = {isa = PBXFileReference; fileEncoding = 4; lastKnownFileType = sourcecode.c.objc; path = MGAccount.m; sourceTree = "<group>"; };
		CC1D9D301BD2D02D00839EEB /* new_feature_1-568h@2x.png */ = {isa = PBXFileReference; lastKnownFileType = image.png; path = "new_feature_1-568h@2x.png"; sourceTree = "<group>"; };
		CC1D9D311BD2D02D00839EEB /* new_feature_2-568h@2x.png */ = {isa = PBXFileReference; lastKnownFileType = image.png; path = "new_feature_2-568h@2x.png"; sourceTree = "<group>"; };
		CC1D9D321BD2D02D00839EEB /* new_feature_3-568h@2x.png */ = {isa = PBXFileReference; lastKnownFileType = image.png; path = "new_feature_3-568h@2x.png"; sourceTree = "<group>"; };
		CC1D9D361BD2DC7000839EEB /* MGCommon.h */ = {isa = PBXFileReference; fileEncoding = 4; lastKnownFileType = sourcecode.c.h; path = MGCommon.h; sourceTree = "<group>"; };
		CC2F729C1BD3DCAE0046A21D /* UIView+Layout.h */ = {isa = PBXFileReference; fileEncoding = 4; lastKnownFileType = sourcecode.c.h; path = "UIView+Layout.h"; sourceTree = "<group>"; };
		CC2F729D1BD3DCAE0046A21D /* UIView+Layout.m */ = {isa = PBXFileReference; fileEncoding = 4; lastKnownFileType = sourcecode.c.objc; path = "UIView+Layout.m"; sourceTree = "<group>"; };
		CC3BAA281B400E77005CA92B /* MgTabBarButton.h */ = {isa = PBXFileReference; fileEncoding = 4; lastKnownFileType = sourcecode.c.h; path = MgTabBarButton.h; sourceTree = "<group>"; };
		CC3BAA291B400E77005CA92B /* MgTabBarButton.m */ = {isa = PBXFileReference; fileEncoding = 4; lastKnownFileType = sourcecode.c.objc; path = MgTabBarButton.m; sourceTree = "<group>"; };
		CC3C2A531BEEC7C5006C6277 /* MGStatusPhotosView.h */ = {isa = PBXFileReference; fileEncoding = 4; lastKnownFileType = sourcecode.c.h; path = MGStatusPhotosView.h; sourceTree = "<group>"; };
		CC3C2A541BEEC7C5006C6277 /* MGStatusPhotosView.m */ = {isa = PBXFileReference; fileEncoding = 4; lastKnownFileType = sourcecode.c.objc; path = MGStatusPhotosView.m; sourceTree = "<group>"; };
		CC3C2A551BEEC7C5006C6277 /* MGStatusPhotoView.h */ = {isa = PBXFileReference; fileEncoding = 4; lastKnownFileType = sourcecode.c.h; path = MGStatusPhotoView.h; sourceTree = "<group>"; };
		CC3C2A561BEEC7C5006C6277 /* MGStatusPhotoView.m */ = {isa = PBXFileReference; fileEncoding = 4; lastKnownFileType = sourcecode.c.objc; path = MGStatusPhotoView.m; sourceTree = "<group>"; };
		CC3C2BD31BEF9AFC006C6277 /* MGComposeViewController.h */ = {isa = PBXFileReference; fileEncoding = 4; lastKnownFileType = sourcecode.c.h; path = MGComposeViewController.h; sourceTree = "<group>"; };
		CC3C2BD41BEF9AFC006C6277 /* MGComposeViewController.m */ = {isa = PBXFileReference; fileEncoding = 4; lastKnownFileType = sourcecode.c.objc; path = MGComposeViewController.m; sourceTree = "<group>"; };
		CC3C2BD61BEFA612006C6277 /* MGPlaceholderTextView.h */ = {isa = PBXFileReference; fileEncoding = 4; lastKnownFileType = sourcecode.c.h; path = MGPlaceholderTextView.h; sourceTree = "<group>"; };
		CC3C2BD71BEFA612006C6277 /* MGPlaceholderTextView.m */ = {isa = PBXFileReference; fileEncoding = 4; lastKnownFileType = sourcecode.c.objc; path = MGPlaceholderTextView.m; sourceTree = "<group>"; };
		CC464C781B8B5E200087A67E /* MGStatusFrame.h */ = {isa = PBXFileReference; fileEncoding = 4; lastKnownFileType = sourcecode.c.h; path = MGStatusFrame.h; sourceTree = "<group>"; };
		CC464C791B8B5E200087A67E /* MGStatusFrame.m */ = {isa = PBXFileReference; fileEncoding = 4; lastKnownFileType = sourcecode.c.objc; path = MGStatusFrame.m; sourceTree = "<group>"; };
		CC47A3711BF6D9A100EC990F /* MGComposeToolbar.h */ = {isa = PBXFileReference; fileEncoding = 4; lastKnownFileType = sourcecode.c.h; path = MGComposeToolbar.h; sourceTree = "<group>"; };
		CC47A3721BF6D9A100EC990F /* MGComposeToolbar.m */ = {isa = PBXFileReference; fileEncoding = 4; lastKnownFileType = sourcecode.c.objc; path = MGComposeToolbar.m; sourceTree = "<group>"; };
		CC4D5ABA1BF8E50A00F85B16 /* MGHttpTool.h */ = {isa = PBXFileReference; fileEncoding = 4; lastKnownFileType = sourcecode.c.h; path = MGHttpTool.h; sourceTree = "<group>"; };
		CC4D5ABB1BF8E50A00F85B16 /* MGHttpTool.m */ = {isa = PBXFileReference; fileEncoding = 4; lastKnownFileType = sourcecode.c.objc; path = MGHttpTool.m; sourceTree = "<group>"; };
		CC55AC051B43957B00F9A89F /* MGNavigationController.h */ = {isa = PBXFileReference; fileEncoding = 4; lastKnownFileType = sourcecode.c.h; path = MGNavigationController.h; sourceTree = "<group>"; };
		CC55AC061B43957B00F9A89F /* MGNavigationController.m */ = {isa = PBXFileReference; fileEncoding = 4; lastKnownFileType = sourcecode.c.objc; path = MGNavigationController.m; sourceTree = "<group>"; };
		CC5F313B1B89B1E800603055 /* MGWeiboTool.h */ = {isa = PBXFileReference; fileEncoding = 4; lastKnownFileType = sourcecode.c.h; path = MGWeiboTool.h; sourceTree = "<group>"; };
		CC5F313C1B89B1E800603055 /* MGWeiboTool.m */ = {isa = PBXFileReference; fileEncoding = 4; lastKnownFileType = sourcecode.c.objc; path = MGWeiboTool.m; sourceTree = "<group>"; };
		CC5F31471B89BF9300603055 /* MGAccountTool.h */ = {isa = PBXFileReference; fileEncoding = 4; lastKnownFileType = sourcecode.c.h; path = MGAccountTool.h; sourceTree = "<group>"; };
		CC5F31481B89BF9300603055 /* MGAccountTool.m */ = {isa = PBXFileReference; fileEncoding = 4; lastKnownFileType = sourcecode.c.objc; path = MGAccountTool.m; sourceTree = "<group>"; };
		CC5F32711B8A2AEA00603055 /* MGStatus.h */ = {isa = PBXFileReference; fileEncoding = 4; lastKnownFileType = sourcecode.c.h; path = MGStatus.h; sourceTree = "<group>"; };
		CC5F32721B8A2AEA00603055 /* MGStatus.m */ = {isa = PBXFileReference; fileEncoding = 4; lastKnownFileType = sourcecode.c.objc; path = MGStatus.m; sourceTree = "<group>"; };
		CC5F32741B8A2D7A00603055 /* MGUser.h */ = {isa = PBXFileReference; fileEncoding = 4; lastKnownFileType = sourcecode.c.h; path = MGUser.h; sourceTree = "<group>"; };
		CC5F32751B8A2D7A00603055 /* MGUser.m */ = {isa = PBXFileReference; fileEncoding = 4; lastKnownFileType = sourcecode.c.objc; path = MGUser.m; sourceTree = "<group>"; };
		CC60FBCC1B8AC736001571C6 /* MGStatusCell.h */ = {isa = PBXFileReference; fileEncoding = 4; lastKnownFileType = sourcecode.c.h; path = MGStatusCell.h; sourceTree = "<group>"; };
		CC60FBCD1B8AC736001571C6 /* MGStatusCell.m */ = {isa = PBXFileReference; fileEncoding = 4; lastKnownFileType = sourcecode.c.objc; path = MGStatusCell.m; sourceTree = "<group>"; };
		CC63C9121BF82F9F00C51FB7 /* MGPhotosView.h */ = {isa = PBXFileReference; fileEncoding = 4; lastKnownFileType = sourcecode.c.h; path = MGPhotosView.h; sourceTree = "<group>"; };
		CC63C9131BF82F9F00C51FB7 /* MGPhotosView.m */ = {isa = PBXFileReference; fileEncoding = 4; lastKnownFileType = sourcecode.c.objc; path = MGPhotosView.m; sourceTree = "<group>"; };
		CC6475B11BD009C500310D27 /* MGPhoto.h */ = {isa = PBXFileReference; fileEncoding = 4; lastKnownFileType = sourcecode.c.h; path = MGPhoto.h; sourceTree = "<group>"; };
		CC6475B21BD009C500310D27 /* MGPhoto.m */ = {isa = PBXFileReference; fileEncoding = 4; lastKnownFileType = sourcecode.c.objc; path = MGPhoto.m; sourceTree = "<group>"; };
		CC6799E91BCC74E0006B877D /* MGRetweetStatusView.h */ = {isa = PBXFileReference; fileEncoding = 4; lastKnownFileType = sourcecode.c.h; path = MGRetweetStatusView.h; sourceTree = "<group>"; };
		CC6799EA1BCC74E0006B877D /* MGRetweetStatusView.m */ = {isa = PBXFileReference; fileEncoding = 4; lastKnownFileType = sourcecode.c.objc; path = MGRetweetStatusView.m; sourceTree = "<group>"; };
		CC6799EC1BCC7D06006B877D /* MGStatusTopView.h */ = {isa = PBXFileReference; fileEncoding = 4; lastKnownFileType = sourcecode.c.h; path = MGStatusTopView.h; sourceTree = "<group>"; };
		CC6799ED1BCC7D06006B877D /* MGStatusTopView.m */ = {isa = PBXFileReference; fileEncoding = 4; lastKnownFileType = sourcecode.c.objc; path = MGStatusTopView.m; sourceTree = "<group>"; };
		CC6DD4C31B3FA2DB00B5D860 /* MGTabBar.h */ = {isa = PBXFileReference; fileEncoding = 4; lastKnownFileType = sourcecode.c.h; path = MGTabBar.h; sourceTree = "<group>"; };
		CC6DD4C41B3FA2DB00B5D860 /* MGTabBar.m */ = {isa = PBXFileReference; fileEncoding = 4; lastKnownFileType = sourcecode.c.objc; path = MGTabBar.m; sourceTree = "<group>"; };
		CC71BE4A1B462A4C0076AE04 /* MGNewfeatureViewController.h */ = {isa = PBXFileReference; fileEncoding = 4; lastKnownFileType = sourcecode.c.h; path = MGNewfeatureViewController.h; sourceTree = "<group>"; };
		CC71BE4B1B462A4C0076AE04 /* MGNewfeatureViewController.m */ = {isa = PBXFileReference; fileEncoding = 4; lastKnownFileType = sourcecode.c.objc; path = MGNewfeatureViewController.m; sourceTree = "<group>"; };
		CC79C4E11BCAAAEE0057D481 /* MGStatusToolBar.h */ = {isa = PBXFileReference; fileEncoding = 4; lastKnownFileType = sourcecode.c.h; path = MGStatusToolBar.h; sourceTree = "<group>"; };
		CC79C4E21BCAAAEE0057D481 /* MGStatusToolBar.m */ = {isa = PBXFileReference; fileEncoding = 4; lastKnownFileType = sourcecode.c.objc; path = MGStatusToolBar.m; sourceTree = "<group>"; };
		CC7AE3AA1CBEDB4700241975 /* AFHTTPRequestOperation.h */ = {isa = PBXFileReference; fileEncoding = 4; lastKnownFileType = sourcecode.c.h; path = AFHTTPRequestOperation.h; sourceTree = "<group>"; };
		CC7AE3AB1CBEDB4700241975 /* AFHTTPRequestOperation.m */ = {isa = PBXFileReference; fileEncoding = 4; lastKnownFileType = sourcecode.c.objc; path = AFHTTPRequestOperation.m; sourceTree = "<group>"; };
		CC7AE3AC1CBEDB4700241975 /* AFHTTPRequestOperationManager.h */ = {isa = PBXFileReference; fileEncoding = 4; lastKnownFileType = sourcecode.c.h; path = AFHTTPRequestOperationManager.h; sourceTree = "<group>"; };
		CC7AE3AD1CBEDB4700241975 /* AFHTTPRequestOperationManager.m */ = {isa = PBXFileReference; fileEncoding = 4; lastKnownFileType = sourcecode.c.objc; path = AFHTTPRequestOperationManager.m; sourceTree = "<group>"; };
		CC7AE3AE1CBEDB4700241975 /* AFHTTPSessionManager.h */ = {isa = PBXFileReference; fileEncoding = 4; lastKnownFileType = sourcecode.c.h; path = AFHTTPSessionManager.h; sourceTree = "<group>"; };
		CC7AE3AF1CBEDB4700241975 /* AFHTTPSessionManager.m */ = {isa = PBXFileReference; fileEncoding = 4; lastKnownFileType = sourcecode.c.objc; path = AFHTTPSessionManager.m; sourceTree = "<group>"; };
		CC7AE3B01CBEDB4700241975 /* AFNetworking.h */ = {isa = PBXFileReference; fileEncoding = 4; lastKnownFileType = sourcecode.c.h; path = AFNetworking.h; sourceTree = "<group>"; };
		CC7AE3B11CBEDB4700241975 /* AFNetworkReachabilityManager.h */ = {isa = PBXFileReference; fileEncoding = 4; lastKnownFileType = sourcecode.c.h; path = AFNetworkReachabilityManager.h; sourceTree = "<group>"; };
		CC7AE3B21CBEDB4700241975 /* AFNetworkReachabilityManager.m */ = {isa = PBXFileReference; fileEncoding = 4; lastKnownFileType = sourcecode.c.objc; path = AFNetworkReachabilityManager.m; sourceTree = "<group>"; };
		CC7AE3B31CBEDB4700241975 /* AFSecurityPolicy.h */ = {isa = PBXFileReference; fileEncoding = 4; lastKnownFileType = sourcecode.c.h; path = AFSecurityPolicy.h; sourceTree = "<group>"; };
		CC7AE3B41CBEDB4700241975 /* AFSecurityPolicy.m */ = {isa = PBXFileReference; fileEncoding = 4; lastKnownFileType = sourcecode.c.objc; path = AFSecurityPolicy.m; sourceTree = "<group>"; };
		CC7AE3B51CBEDB4700241975 /* AFURLConnectionOperation.h */ = {isa = PBXFileReference; fileEncoding = 4; lastKnownFileType = sourcecode.c.h; path = AFURLConnectionOperation.h; sourceTree = "<group>"; };
		CC7AE3B61CBEDB4700241975 /* AFURLConnectionOperation.m */ = {isa = PBXFileReference; fileEncoding = 4; lastKnownFileType = sourcecode.c.objc; path = AFURLConnectionOperation.m; sourceTree = "<group>"; };
		CC7AE3B71CBEDB4700241975 /* AFURLRequestSerialization.h */ = {isa = PBXFileReference; fileEncoding = 4; lastKnownFileType = sourcecode.c.h; path = AFURLRequestSerialization.h; sourceTree = "<group>"; };
		CC7AE3B81CBEDB4700241975 /* AFURLRequestSerialization.m */ = {isa = PBXFileReference; fileEncoding = 4; lastKnownFileType = sourcecode.c.objc; path = AFURLRequestSerialization.m; sourceTree = "<group>"; };
		CC7AE3B91CBEDB4700241975 /* AFURLResponseSerialization.h */ = {isa = PBXFileReference; fileEncoding = 4; lastKnownFileType = sourcecode.c.h; path = AFURLResponseSerialization.h; sourceTree = "<group>"; };
		CC7AE3BA1CBEDB4700241975 /* AFURLResponseSerialization.m */ = {isa = PBXFileReference; fileEncoding = 4; lastKnownFileType = sourcecode.c.objc; path = AFURLResponseSerialization.m; sourceTree = "<group>"; };
		CC7AE3BB1CBEDB4700241975 /* AFURLSessionManager.h */ = {isa = PBXFileReference; fileEncoding = 4; lastKnownFileType = sourcecode.c.h; path = AFURLSessionManager.h; sourceTree = "<group>"; };
		CC7AE3BC1CBEDB4700241975 /* AFURLSessionManager.m */ = {isa = PBXFileReference; fileEncoding = 4; lastKnownFileType = sourcecode.c.objc; path = AFURLSessionManager.m; sourceTree = "<group>"; };
		CC7AE3BE1CBEDB4700241975 /* MBProgressHUD+MJ.h */ = {isa = PBXFileReference; fileEncoding = 4; lastKnownFileType = sourcecode.c.h; path = "MBProgressHUD+MJ.h"; sourceTree = "<group>"; };
		CC7AE3BF1CBEDB4700241975 /* MBProgressHUD+MJ.m */ = {isa = PBXFileReference; fileEncoding = 4; lastKnownFileType = sourcecode.c.objc; path = "MBProgressHUD+MJ.m"; sourceTree = "<group>"; };
		CC7AE3C01CBEDB4700241975 /* MBProgressHUD.bundle */ = {isa = PBXFileReference; lastKnownFileType = "wrapper.plug-in"; path = MBProgressHUD.bundle; sourceTree = "<group>"; };
		CC7AE3C11CBEDB4700241975 /* MBProgressHUD.h */ = {isa = PBXFileReference; fileEncoding = 4; lastKnownFileType = sourcecode.c.h; path = MBProgressHUD.h; sourceTree = "<group>"; };
		CC7AE3C21CBEDB4700241975 /* MBProgressHUD.m */ = {isa = PBXFileReference; fileEncoding = 4; lastKnownFileType = sourcecode.c.objc; path = MBProgressHUD.m; sourceTree = "<group>"; };
		CC7AE3C41CBEDB4700241975 /* MJConst.h */ = {isa = PBXFileReference; fileEncoding = 4; lastKnownFileType = sourcecode.c.h; path = MJConst.h; sourceTree = "<group>"; };
		CC7AE3C51CBEDB4700241975 /* MJConst.m */ = {isa = PBXFileReference; fileEncoding = 4; lastKnownFileType = sourcecode.c.objc; path = MJConst.m; sourceTree = "<group>"; };
		CC7AE3C61CBEDB4700241975 /* MJExtension.h */ = {isa = PBXFileReference; fileEncoding = 4; lastKnownFileType = sourcecode.c.h; path = MJExtension.h; sourceTree = "<group>"; };
		CC7AE3C71CBEDB4700241975 /* MJFoundation.h */ = {isa = PBXFileReference; fileEncoding = 4; lastKnownFileType = sourcecode.c.h; path = MJFoundation.h; sourceTree = "<group>"; };
		CC7AE3C81CBEDB4700241975 /* MJFoundation.m */ = {isa = PBXFileReference; fileEncoding = 4; lastKnownFileType = sourcecode.c.objc; path = MJFoundation.m; sourceTree = "<group>"; };
		CC7AE3C91CBEDB4700241975 /* MJIvar.h */ = {isa = PBXFileReference; fileEncoding = 4; lastKnownFileType = sourcecode.c.h; path = MJIvar.h; sourceTree = "<group>"; };
		CC7AE3CA1CBEDB4700241975 /* MJIvar.m */ = {isa = PBXFileReference; fileEncoding = 4; lastKnownFileType = sourcecode.c.objc; path = MJIvar.m; sourceTree = "<group>"; };
		CC7AE3CB1CBEDB4700241975 /* MJType.h */ = {isa = PBXFileReference; fileEncoding = 4; lastKnownFileType = sourcecode.c.h; path = MJType.h; sourceTree = "<group>"; };
		CC7AE3CC1CBEDB4700241975 /* MJType.m */ = {isa = PBXFileReference; fileEncoding = 4; lastKnownFileType = sourcecode.c.objc; path = MJType.m; sourceTree = "<group>"; };
		CC7AE3CD1CBEDB4700241975 /* NSObject+MJCoding.h */ = {isa = PBXFileReference; fileEncoding = 4; lastKnownFileType = sourcecode.c.h; path = "NSObject+MJCoding.h"; sourceTree = "<group>"; };
		CC7AE3CE1CBEDB4700241975 /* NSObject+MJCoding.m */ = {isa = PBXFileReference; fileEncoding = 4; lastKnownFileType = sourcecode.c.objc; path = "NSObject+MJCoding.m"; sourceTree = "<group>"; };
		CC7AE3CF1CBEDB4700241975 /* NSObject+MJIvar.h */ = {isa = PBXFileReference; fileEncoding = 4; lastKnownFileType = sourcecode.c.h; path = "NSObject+MJIvar.h"; sourceTree = "<group>"; };
		CC7AE3D01CBEDB4700241975 /* NSObject+MJIvar.m */ = {isa = PBXFileReference; fileEncoding = 4; lastKnownFileType = sourcecode.c.objc; path = "NSObject+MJIvar.m"; sourceTree = "<group>"; };
		CC7AE3D11CBEDB4700241975 /* NSObject+MJKeyValue.h */ = {isa = PBXFileReference; fileEncoding = 4; lastKnownFileType = sourcecode.c.h; path = "NSObject+MJKeyValue.h"; sourceTree = "<group>"; };
		CC7AE3D21CBEDB4700241975 /* NSObject+MJKeyValue.m */ = {isa = PBXFileReference; fileEncoding = 4; lastKnownFileType = sourcecode.c.objc; path = "NSObject+MJKeyValue.m"; sourceTree = "<group>"; };
		CC7AE3D41CBEDB4700241975 /* MJPhoto.h */ = {isa = PBXFileReference; fileEncoding = 4; lastKnownFileType = sourcecode.c.h; path = MJPhoto.h; sourceTree = "<group>"; };
		CC7AE3D51CBEDB4700241975 /* MJPhoto.m */ = {isa = PBXFileReference; fileEncoding = 4; lastKnownFileType = sourcecode.c.objc; path = MJPhoto.m; sourceTree = "<group>"; };
		CC7AE3D61CBEDB4700241975 /* MJPhotoBrowser.bundle */ = {isa = PBXFileReference; lastKnownFileType = "wrapper.plug-in"; path = MJPhotoBrowser.bundle; sourceTree = "<group>"; };
		CC7AE3D71CBEDB4700241975 /* MJPhotoBrowser.h */ = {isa = PBXFileReference; fileEncoding = 4; lastKnownFileType = sourcecode.c.h; path = MJPhotoBrowser.h; sourceTree = "<group>"; };
		CC7AE3D81CBEDB4700241975 /* MJPhotoBrowser.m */ = {isa = PBXFileReference; fileEncoding = 4; lastKnownFileType = sourcecode.c.objc; path = MJPhotoBrowser.m; sourceTree = "<group>"; };
		CC7AE3D91CBEDB4700241975 /* MJPhotoLoadingView.h */ = {isa = PBXFileReference; fileEncoding = 4; lastKnownFileType = sourcecode.c.h; path = MJPhotoLoadingView.h; sourceTree = "<group>"; };
		CC7AE3DA1CBEDB4700241975 /* MJPhotoLoadingView.m */ = {isa = PBXFileReference; fileEncoding = 4; lastKnownFileType = sourcecode.c.objc; path = MJPhotoLoadingView.m; sourceTree = "<group>"; };
		CC7AE3DB1CBEDB4700241975 /* MJPhotoProgressView.h */ = {isa = PBXFileReference; fileEncoding = 4; lastKnownFileType = sourcecode.c.h; path = MJPhotoProgressView.h; sourceTree = "<group>"; };
		CC7AE3DC1CBEDB4700241975 /* MJPhotoProgressView.m */ = {isa = PBXFileReference; fileEncoding = 4; lastKnownFileType = sourcecode.c.objc; path = MJPhotoProgressView.m; sourceTree = "<group>"; };
		CC7AE3DD1CBEDB4700241975 /* MJPhotoToolbar.h */ = {isa = PBXFileReference; fileEncoding = 4; lastKnownFileType = sourcecode.c.h; path = MJPhotoToolbar.h; sourceTree = "<group>"; };
		CC7AE3DE1CBEDB4700241975 /* MJPhotoToolbar.m */ = {isa = PBXFileReference; fileEncoding = 4; lastKnownFileType = sourcecode.c.objc; path = MJPhotoToolbar.m; sourceTree = "<group>"; };
		CC7AE3DF1CBEDB4700241975 /* MJPhotoView.h */ = {isa = PBXFileReference; fileEncoding = 4; lastKnownFileType = sourcecode.c.h; path = MJPhotoView.h; sourceTree = "<group>"; };
		CC7AE3E01CBEDB4700241975 /* MJPhotoView.m */ = {isa = PBXFileReference; fileEncoding = 4; lastKnownFileType = sourcecode.c.objc; path = MJPhotoView.m; sourceTree = "<group>"; };
		CC7AE3E11CBEDB4700241975 /* SDWebImageManager+MJ.h */ = {isa = PBXFileReference; fileEncoding = 4; lastKnownFileType = sourcecode.c.h; path = "SDWebImageManager+MJ.h"; sourceTree = "<group>"; };
		CC7AE3E21CBEDB4700241975 /* SDWebImageManager+MJ.m */ = {isa = PBXFileReference; fileEncoding = 4; lastKnownFileType = sourcecode.c.objc; path = "SDWebImageManager+MJ.m"; sourceTree = "<group>"; };
		CC7AE3E41CBEDB4700241975 /* MJRefresh.bundle */ = {isa = PBXFileReference; lastKnownFileType = "wrapper.plug-in"; path = MJRefresh.bundle; sourceTree = "<group>"; };
		CC7AE3E51CBEDB4700241975 /* MJRefresh.h */ = {isa = PBXFileReference; fileEncoding = 4; lastKnownFileType = sourcecode.c.h; path = MJRefresh.h; sourceTree = "<group>"; };
		CC7AE3E61CBEDB4700241975 /* MJRefreshBaseView.h */ = {isa = PBXFileReference; fileEncoding = 4; lastKnownFileType = sourcecode.c.h; path = MJRefreshBaseView.h; sourceTree = "<group>"; };
		CC7AE3E71CBEDB4700241975 /* MJRefreshBaseView.m */ = {isa = PBXFileReference; fileEncoding = 4; lastKnownFileType = sourcecode.c.objc; path = MJRefreshBaseView.m; sourceTree = "<group>"; };
		CC7AE3E81CBEDB4700241975 /* MJRefreshConst.h */ = {isa = PBXFileReference; fileEncoding = 4; lastKnownFileType = sourcecode.c.h; path = MJRefreshConst.h; sourceTree = "<group>"; };
		CC7AE3E91CBEDB4700241975 /* MJRefreshConst.m */ = {isa = PBXFileReference; fileEncoding = 4; lastKnownFileType = sourcecode.c.objc; path = MJRefreshConst.m; sourceTree = "<group>"; };
		CC7AE3EA1CBEDB4700241975 /* MJRefreshFooterView.h */ = {isa = PBXFileReference; fileEncoding = 4; lastKnownFileType = sourcecode.c.h; path = MJRefreshFooterView.h; sourceTree = "<group>"; };
		CC7AE3EB1CBEDB4700241975 /* MJRefreshFooterView.m */ = {isa = PBXFileReference; fileEncoding = 4; lastKnownFileType = sourcecode.c.objc; path = MJRefreshFooterView.m; sourceTree = "<group>"; };
		CC7AE3EC1CBEDB4700241975 /* MJRefreshHeaderView.h */ = {isa = PBXFileReference; fileEncoding = 4; lastKnownFileType = sourcecode.c.h; path = MJRefreshHeaderView.h; sourceTree = "<group>"; };
		CC7AE3ED1CBEDB4700241975 /* MJRefreshHeaderView.m */ = {isa = PBXFileReference; fileEncoding = 4; lastKnownFileType = sourcecode.c.objc; path = MJRefreshHeaderView.m; sourceTree = "<group>"; };
		CC7AE3EF1CBEDB4700241975 /* MKAnnotationView+WebCache.h */ = {isa = PBXFileReference; fileEncoding = 4; lastKnownFileType = sourcecode.c.h; path = "MKAnnotationView+WebCache.h"; sourceTree = "<group>"; };
		CC7AE3F01CBEDB4700241975 /* MKAnnotationView+WebCache.m */ = {isa = PBXFileReference; fileEncoding = 4; lastKnownFileType = sourcecode.c.objc; path = "MKAnnotationView+WebCache.m"; sourceTree = "<group>"; };
		CC7AE3F11CBEDB4700241975 /* NSData+ImageContentType.h */ = {isa = PBXFileReference; fileEncoding = 4; lastKnownFileType = sourcecode.c.h; path = "NSData+ImageContentType.h"; sourceTree = "<group>"; };
		CC7AE3F21CBEDB4700241975 /* NSData+ImageContentType.m */ = {isa = PBXFileReference; fileEncoding = 4; lastKnownFileType = sourcecode.c.objc; path = "NSData+ImageContentType.m"; sourceTree = "<group>"; };
		CC7AE3F31CBEDB4700241975 /* SDImageCache.h */ = {isa = PBXFileReference; fileEncoding = 4; lastKnownFileType = sourcecode.c.h; path = SDImageCache.h; sourceTree = "<group>"; };
		CC7AE3F41CBEDB4700241975 /* SDImageCache.m */ = {isa = PBXFileReference; fileEncoding = 4; lastKnownFileType = sourcecode.c.objc; path = SDImageCache.m; sourceTree = "<group>"; };
		CC7AE3F51CBEDB4700241975 /* SDWebImageCompat.h */ = {isa = PBXFileReference; fileEncoding = 4; lastKnownFileType = sourcecode.c.h; path = SDWebImageCompat.h; sourceTree = "<group>"; };
		CC7AE3F61CBEDB4700241975 /* SDWebImageCompat.m */ = {isa = PBXFileReference; fileEncoding = 4; lastKnownFileType = sourcecode.c.objc; path = SDWebImageCompat.m; sourceTree = "<group>"; };
		CC7AE3F71CBEDB4700241975 /* SDWebImageDecoder.h */ = {isa = PBXFileReference; fileEncoding = 4; lastKnownFileType = sourcecode.c.h; path = SDWebImageDecoder.h; sourceTree = "<group>"; };
		CC7AE3F81CBEDB4700241975 /* SDWebImageDecoder.m */ = {isa = PBXFileReference; fileEncoding = 4; lastKnownFileType = sourcecode.c.objc; path = SDWebImageDecoder.m; sourceTree = "<group>"; };
		CC7AE3F91CBEDB4700241975 /* SDWebImageDownloader.h */ = {isa = PBXFileReference; fileEncoding = 4; lastKnownFileType = sourcecode.c.h; path = SDWebImageDownloader.h; sourceTree = "<group>"; };
		CC7AE3FA1CBEDB4700241975 /* SDWebImageDownloader.m */ = {isa = PBXFileReference; fileEncoding = 4; lastKnownFileType = sourcecode.c.objc; path = SDWebImageDownloader.m; sourceTree = "<group>"; };
		CC7AE3FB1CBEDB4700241975 /* SDWebImageDownloaderOperation.h */ = {isa = PBXFileReference; fileEncoding = 4; lastKnownFileType = sourcecode.c.h; path = SDWebImageDownloaderOperation.h; sourceTree = "<group>"; };
		CC7AE3FC1CBEDB4700241975 /* SDWebImageDownloaderOperation.m */ = {isa = PBXFileReference; fileEncoding = 4; lastKnownFileType = sourcecode.c.objc; path = SDWebImageDownloaderOperation.m; sourceTree = "<group>"; };
		CC7AE3FD1CBEDB4700241975 /* SDWebImageManager.h */ = {isa = PBXFileReference; fileEncoding = 4; lastKnownFileType = sourcecode.c.h; path = SDWebImageManager.h; sourceTree = "<group>"; };
		CC7AE3FE1CBEDB4700241975 /* SDWebImageManager.m */ = {isa = PBXFileReference; fileEncoding = 4; lastKnownFileType = sourcecode.c.objc; path = SDWebImageManager.m; sourceTree = "<group>"; };
		CC7AE3FF1CBEDB4700241975 /* SDWebImageOperation.h */ = {isa = PBXFileReference; fileEncoding = 4; lastKnownFileType = sourcecode.c.h; path = SDWebImageOperation.h; sourceTree = "<group>"; };
		CC7AE4001CBEDB4700241975 /* SDWebImagePrefetcher.h */ = {isa = PBXFileReference; fileEncoding = 4; lastKnownFileType = sourcecode.c.h; path = SDWebImagePrefetcher.h; sourceTree = "<group>"; };
		CC7AE4011CBEDB4700241975 /* SDWebImagePrefetcher.m */ = {isa = PBXFileReference; fileEncoding = 4; lastKnownFileType = sourcecode.c.objc; path = SDWebImagePrefetcher.m; sourceTree = "<group>"; };
		CC7AE4021CBEDB4700241975 /* UIButton+WebCache.h */ = {isa = PBXFileReference; fileEncoding = 4; lastKnownFileType = sourcecode.c.h; path = "UIButton+WebCache.h"; sourceTree = "<group>"; };
		CC7AE4031CBEDB4700241975 /* UIButton+WebCache.m */ = {isa = PBXFileReference; fileEncoding = 4; lastKnownFileType = sourcecode.c.objc; path = "UIButton+WebCache.m"; sourceTree = "<group>"; };
		CC7AE4041CBEDB4700241975 /* UIImage+GIF.h */ = {isa = PBXFileReference; fileEncoding = 4; lastKnownFileType = sourcecode.c.h; path = "UIImage+GIF.h"; sourceTree = "<group>"; };
		CC7AE4051CBEDB4700241975 /* UIImage+GIF.m */ = {isa = PBXFileReference; fileEncoding = 4; lastKnownFileType = sourcecode.c.objc; path = "UIImage+GIF.m"; sourceTree = "<group>"; };
		CC7AE4061CBEDB4700241975 /* UIImage+MultiFormat.h */ = {isa = PBXFileReference; fileEncoding = 4; lastKnownFileType = sourcecode.c.h; path = "UIImage+MultiFormat.h"; sourceTree = "<group>"; };
		CC7AE4071CBEDB4700241975 /* UIImage+MultiFormat.m */ = {isa = PBXFileReference; fileEncoding = 4; lastKnownFileType = sourcecode.c.objc; path = "UIImage+MultiFormat.m"; sourceTree = "<group>"; };
		CC7AE4081CBEDB4700241975 /* UIImage+WebP.h */ = {isa = PBXFileReference; fileEncoding = 4; lastKnownFileType = sourcecode.c.h; path = "UIImage+WebP.h"; sourceTree = "<group>"; };
		CC7AE4091CBEDB4700241975 /* UIImage+WebP.m */ = {isa = PBXFileReference; fileEncoding = 4; lastKnownFileType = sourcecode.c.objc; path = "UIImage+WebP.m"; sourceTree = "<group>"; };
		CC7AE40A1CBEDB4700241975 /* UIImageView+HighlightedWebCache.h */ = {isa = PBXFileReference; fileEncoding = 4; lastKnownFileType = sourcecode.c.h; path = "UIImageView+HighlightedWebCache.h"; sourceTree = "<group>"; };
		CC7AE40B1CBEDB4700241975 /* UIImageView+HighlightedWebCache.m */ = {isa = PBXFileReference; fileEncoding = 4; lastKnownFileType = sourcecode.c.objc; path = "UIImageView+HighlightedWebCache.m"; sourceTree = "<group>"; };
		CC7AE40C1CBEDB4700241975 /* UIImageView+WebCache.h */ = {isa = PBXFileReference; fileEncoding = 4; lastKnownFileType = sourcecode.c.h; path = "UIImageView+WebCache.h"; sourceTree = "<group>"; };
		CC7AE40D1CBEDB4700241975 /* UIImageView+WebCache.m */ = {isa = PBXFileReference; fileEncoding = 4; lastKnownFileType = sourcecode.c.objc; path = "UIImageView+WebCache.m"; sourceTree = "<group>"; };
		CC7AE40E1CBEDB4700241975 /* UIView+WebCacheOperation.h */ = {isa = PBXFileReference; fileEncoding = 4; lastKnownFileType = sourcecode.c.h; path = "UIView+WebCacheOperation.h"; sourceTree = "<group>"; };
		CC7AE40F1CBEDB4700241975 /* UIView+WebCacheOperation.m */ = {isa = PBXFileReference; fileEncoding = 4; lastKnownFileType = sourcecode.c.objc; path = "UIView+WebCacheOperation.m"; sourceTree = "<group>"; };
		CC7AE45F1CBEE92000241975 /* IWSettingViewController.h */ = {isa = PBXFileReference; fileEncoding = 4; lastKnownFileType = sourcecode.c.h; path = IWSettingViewController.h; sourceTree = "<group>"; };
		CC7AE4601CBEE92000241975 /* IWSettingViewController.m */ = {isa = PBXFileReference; fileEncoding = 4; lastKnownFileType = sourcecode.c.objc; path = IWSettingViewController.m; sourceTree = "<group>"; };
		CC7AE4631CBEE92A00241975 /* IWSettingCheckGroup.h */ = {isa = PBXFileReference; fileEncoding = 4; lastKnownFileType = sourcecode.c.h; path = IWSettingCheckGroup.h; sourceTree = "<group>"; };
		CC7AE4641CBEE92A00241975 /* IWSettingCheckGroup.m */ = {isa = PBXFileReference; fileEncoding = 4; lastKnownFileType = sourcecode.c.objc; path = IWSettingCheckGroup.m; sourceTree = "<group>"; };
		CC7AE4651CBEE92A00241975 /* IWSettingGroup.h */ = {isa = PBXFileReference; fileEncoding = 4; lastKnownFileType = sourcecode.c.h; path = IWSettingGroup.h; sourceTree = "<group>"; };
		CC7AE4661CBEE92A00241975 /* IWSettingGroup.m */ = {isa = PBXFileReference; fileEncoding = 4; lastKnownFileType = sourcecode.c.objc; path = IWSettingGroup.m; sourceTree = "<group>"; };
		CC7AE4681CBEE92A00241975 /* IWSettingArrowItem.h */ = {isa = PBXFileReference; fileEncoding = 4; lastKnownFileType = sourcecode.c.h; path = IWSettingArrowItem.h; sourceTree = "<group>"; };
		CC7AE4691CBEE92A00241975 /* IWSettingArrowItem.m */ = {isa = PBXFileReference; fileEncoding = 4; lastKnownFileType = sourcecode.c.objc; path = IWSettingArrowItem.m; sourceTree = "<group>"; };
		CC7AE46A1CBEE92A00241975 /* IWSettingCheckItem.h */ = {isa = PBXFileReference; fileEncoding = 4; lastKnownFileType = sourcecode.c.h; path = IWSettingCheckItem.h; sourceTree = "<group>"; };
		CC7AE46B1CBEE92A00241975 /* IWSettingCheckItem.m */ = {isa = PBXFileReference; fileEncoding = 4; lastKnownFileType = sourcecode.c.objc; path = IWSettingCheckItem.m; sourceTree = "<group>"; };
		CC7AE46C1CBEE92A00241975 /* IWSettingItem.h */ = {isa = PBXFileReference; fileEncoding = 4; lastKnownFileType = sourcecode.c.h; path = IWSettingItem.h; sourceTree = "<group>"; };
		CC7AE46D1CBEE92A00241975 /* IWSettingItem.m */ = {isa = PBXFileReference; fileEncoding = 4; lastKnownFileType = sourcecode.c.objc; path = IWSettingItem.m; sourceTree = "<group>"; };
		CC7AE46E1CBEE92A00241975 /* IWSettingLabelItem.h */ = {isa = PBXFileReference; fileEncoding = 4; lastKnownFileType = sourcecode.c.h; path = IWSettingLabelItem.h; sourceTree = "<group>"; };
		CC7AE46F1CBEE92A00241975 /* IWSettingLabelItem.m */ = {isa = PBXFileReference; fileEncoding = 4; lastKnownFileType = sourcecode.c.objc; path = IWSettingLabelItem.m; sourceTree = "<group>"; };
		CC7AE4701CBEE92A00241975 /* IWSettingSwitchItem.h */ = {isa = PBXFileReference; fileEncoding = 4; lastKnownFileType = sourcecode.c.h; path = IWSettingSwitchItem.h; sourceTree = "<group>"; };
		CC7AE4711CBEE92A00241975 /* IWSettingSwitchItem.m */ = {isa = PBXFileReference; fileEncoding = 4; lastKnownFileType = sourcecode.c.objc; path = IWSettingSwitchItem.m; sourceTree = "<group>"; };
		CC7AE4721CBEE92A00241975 /* IWSettingValueItem.h */ = {isa = PBXFileReference; fileEncoding = 4; lastKnownFileType = sourcecode.c.h; path = IWSettingValueItem.h; sourceTree = "<group>"; };
		CC7AE4731CBEE92A00241975 /* IWSettingValueItem.m */ = {isa = PBXFileReference; fileEncoding = 4; lastKnownFileType = sourcecode.c.objc; path = IWSettingValueItem.m; sourceTree = "<group>"; };
		CC7AE47D1CBEE93800241975 /* IWBgCell.h */ = {isa = PBXFileReference; fileEncoding = 4; lastKnownFileType = sourcecode.c.h; path = IWBgCell.h; sourceTree = "<group>"; };
		CC7AE47E1CBEE93800241975 /* IWBgCell.m */ = {isa = PBXFileReference; fileEncoding = 4; lastKnownFileType = sourcecode.c.objc; path = IWBgCell.m; sourceTree = "<group>"; };
		CC7AE47F1CBEE93800241975 /* IWSettingCell.h */ = {isa = PBXFileReference; fileEncoding = 4; lastKnownFileType = sourcecode.c.h; path = IWSettingCell.h; sourceTree = "<group>"; };
		CC7AE4801CBEE93800241975 /* IWSettingCell.m */ = {isa = PBXFileReference; fileEncoding = 4; lastKnownFileType = sourcecode.c.objc; path = IWSettingCell.m; sourceTree = "<group>"; };
		CC7AE4811CBEE93800241975 /* IWBadgeButton.h */ = {isa = PBXFileReference; fileEncoding = 4; lastKnownFileType = sourcecode.c.h; path = IWBadgeButton.h; sourceTree = "<group>"; };
		CC7AE4821CBEE93800241975 /* IWBadgeButton.m */ = {isa = PBXFileReference; fileEncoding = 4; lastKnownFileType = sourcecode.c.objc; path = IWBadgeButton.m; sourceTree = "<group>"; };
		CC7AE4831CBEE93800241975 /* IWTabBar.h */ = {isa = PBXFileReference; fileEncoding = 4; lastKnownFileType = sourcecode.c.h; path = IWTabBar.h; sourceTree = "<group>"; };
		CC7AE4841CBEE93800241975 /* IWTabBar.m */ = {isa = PBXFileReference; fileEncoding = 4; lastKnownFileType = sourcecode.c.objc; path = IWTabBar.m; sourceTree = "<group>"; };
		CC7AE4851CBEE93800241975 /* IWTabBarButton.h */ = {isa = PBXFileReference; fileEncoding = 4; lastKnownFileType = sourcecode.c.h; path = IWTabBarButton.h; sourceTree = "<group>"; };
		CC7AE4861CBEE93800241975 /* IWTabBarButton.m */ = {isa = PBXFileReference; fileEncoding = 4; lastKnownFileType = sourcecode.c.objc; path = IWTabBarButton.m; sourceTree = "<group>"; };
		CC7AE48C1CBEEB1300241975 /* MGCommon.m */ = {isa = PBXFileReference; fileEncoding = 4; lastKnownFileType = sourcecode.c.objc; path = MGCommon.m; sourceTree = "<group>"; };
		CC7AE4901CBEEC3F00241975 /* IWCheckViewController.h */ = {isa = PBXFileReference; fileEncoding = 4; lastKnownFileType = sourcecode.c.h; path = IWCheckViewController.h; sourceTree = "<group>"; };
		CC7AE4911CBEEC3F00241975 /* IWCheckViewController.m */ = {isa = PBXFileReference; fileEncoding = 4; lastKnownFileType = sourcecode.c.objc; path = IWCheckViewController.m; sourceTree = "<group>"; };
		CC7AE4921CBEEC3F00241975 /* IWFontViewController.h */ = {isa = PBXFileReference; fileEncoding = 4; lastKnownFileType = sourcecode.c.h; path = IWFontViewController.h; sourceTree = "<group>"; };
		CC7AE4931CBEEC3F00241975 /* IWFontViewController.m */ = {isa = PBXFileReference; fileEncoding = 4; lastKnownFileType = sourcecode.c.objc; path = IWFontViewController.m; sourceTree = "<group>"; };
		CC7AE4941CBEEC3F00241975 /* IWGeneralViewController.h */ = {isa = PBXFileReference; fileEncoding = 4; lastKnownFileType = sourcecode.c.h; path = IWGeneralViewController.h; sourceTree = "<group>"; };
		CC7AE4951CBEEC3F00241975 /* IWGeneralViewController.m */ = {isa = PBXFileReference; fileEncoding = 4; lastKnownFileType = sourcecode.c.objc; path = IWGeneralViewController.m; sourceTree = "<group>"; };
		CC7AE4961CBEEC3F00241975 /* IWIconQualityViewController.h */ = {isa = PBXFileReference; fileEncoding = 4; lastKnownFileType = sourcecode.c.h; path = IWIconQualityViewController.h; sourceTree = "<group>"; };
		CC7AE4971CBEEC3F00241975 /* IWIconQualityViewController.m */ = {isa = PBXFileReference; fileEncoding = 4; lastKnownFileType = sourcecode.c.objc; path = IWIconQualityViewController.m; sourceTree = "<group>"; };
		CC7AE4981CBEEC3F00241975 /* IWLanguageViewController.h */ = {isa = PBXFileReference; fileEncoding = 4; lastKnownFileType = sourcecode.c.h; path = IWLanguageViewController.h; sourceTree = "<group>"; };
		CC7AE4991CBEEC3F00241975 /* IWLanguageViewController.m */ = {isa = PBXFileReference; fileEncoding = 4; lastKnownFileType = sourcecode.c.objc; path = IWLanguageViewController.m; sourceTree = "<group>"; };
		CC7AE49C1CBEEC3F00241975 /* IWReadModeViewController.h */ = {isa = PBXFileReference; fileEncoding = 4; lastKnownFileType = sourcecode.c.h; path = IWReadModeViewController.h; sourceTree = "<group>"; };
		CC7AE49D1CBEEC3F00241975 /* IWReadModeViewController.m */ = {isa = PBXFileReference; fileEncoding = 4; lastKnownFileType = sourcecode.c.objc; path = IWReadModeViewController.m; sourceTree = "<group>"; };
		CC7AE49E1CBEEC3F00241975 /* IWSystemSettingViewController.h */ = {isa = PBXFileReference; fileEncoding = 4; lastKnownFileType = sourcecode.c.h; path = IWSystemSettingViewController.h; sourceTree = "<group>"; };
		CC7AE49F1CBEEC3F00241975 /* IWSystemSettingViewController.m */ = {isa = PBXFileReference; fileEncoding = 4; lastKnownFileType = sourcecode.c.objc; path = IWSystemSettingViewController.m; sourceTree = "<group>"; };
		CC7AE4A01CBEEC3F00241975 /* IWThemeBgViewController.h */ = {isa = PBXFileReference; fileEncoding = 4; lastKnownFileType = sourcecode.c.h; path = IWThemeBgViewController.h; sourceTree = "<group>"; };
		CC7AE4A11CBEEC3F00241975 /* IWThemeBgViewController.m */ = {isa = PBXFileReference; fileEncoding = 4; lastKnownFileType = sourcecode.c.objc; path = IWThemeBgViewController.m; sourceTree = "<group>"; };
		CC7AE4A21CBEEC3F00241975 /* MGMineViewController.h */ = {isa = PBXFileReference; fileEncoding = 4; lastKnownFileType = sourcecode.c.h; path = MGMineViewController.h; sourceTree = "<group>"; };
		CC7AE4A31CBEEC3F00241975 /* MGMineViewController.m */ = {isa = PBXFileReference; fileEncoding = 4; lastKnownFileType = sourcecode.c.objc; path = MGMineViewController.m; sourceTree = "<group>"; };
		CC7C452C1B3D8F7700BBB3DD /* MGWeibo.app */ = {isa = PBXFileReference; explicitFileType = wrapper.application; includeInIndex = 0; path = MGWeibo.app; sourceTree = BUILT_PRODUCTS_DIR; };
		CC7C45301B3D8F7700BBB3DD /* Info.plist */ = {isa = PBXFileReference; lastKnownFileType = text.plist.xml; path = Info.plist; sourceTree = "<group>"; };
		CC8CD3AB1B6A864F00B4E043 /* MGOAuthViewController.h */ = {isa = PBXFileReference; fileEncoding = 4; lastKnownFileType = sourcecode.c.h; path = MGOAuthViewController.h; sourceTree = "<group>"; };
		CC8CD3AC1B6A864F00B4E043 /* MGOAuthViewController.m */ = {isa = PBXFileReference; fileEncoding = 4; lastKnownFileType = sourcecode.c.objc; path = MGOAuthViewController.m; sourceTree = "<group>"; };
		CC97E3281B416A15005CE29F /* MGBadgeButton.h */ = {isa = PBXFileReference; fileEncoding = 4; lastKnownFileType = sourcecode.c.h; path = MGBadgeButton.h; sourceTree = "<group>"; };
		CC97E3291B416A15005CE29F /* MGBadgeButton.m */ = {isa = PBXFileReference; fileEncoding = 4; lastKnownFileType = sourcecode.c.objc; path = MGBadgeButton.m; sourceTree = "<group>"; };
		CCB7DCD31B3E401300708281 /* Images.xcassets */ = {isa = PBXFileReference; lastKnownFileType = folder.assetcatalog; path = Images.xcassets; sourceTree = "<group>"; };
		CCB852E51B3E916100CD4662 /* MGDiscoverViewController.h */ = {isa = PBXFileReference; fileEncoding = 4; lastKnownFileType = sourcecode.c.h; path = MGDiscoverViewController.h; sourceTree = "<group>"; };
		CCB852E61B3E916100CD4662 /* MGDiscoverViewController.m */ = {isa = PBXFileReference; fileEncoding = 4; lastKnownFileType = sourcecode.c.objc; path = MGDiscoverViewController.m; sourceTree = "<group>"; };
		CCB852EB1B3E916100CD4662 /* MGHomeViewController.h */ = {isa = PBXFileReference; fileEncoding = 4; lastKnownFileType = sourcecode.c.h; path = MGHomeViewController.h; sourceTree = "<group>"; };
		CCB852EC1B3E916100CD4662 /* MGHomeViewController.m */ = {isa = PBXFileReference; fileEncoding = 4; lastKnownFileType = sourcecode.c.objc; path = MGHomeViewController.m; sourceTree = "<group>"; };
		CCB852F11B3E916100CD4662 /* MGTabBarViewController.h */ = {isa = PBXFileReference; fileEncoding = 4; lastKnownFileType = sourcecode.c.h; path = MGTabBarViewController.h; sourceTree = "<group>"; };
		CCB852F21B3E916100CD4662 /* MGTabBarViewController.m */ = {isa = PBXFileReference; fileEncoding = 4; lastKnownFileType = sourcecode.c.objc; path = MGTabBarViewController.m; sourceTree = "<group>"; };
		CCB852FD1B3E916100CD4662 /* MgMessageViewController.h */ = {isa = PBXFileReference; fileEncoding = 4; lastKnownFileType = sourcecode.c.h; path = MgMessageViewController.h; sourceTree = "<group>"; };
		CCB852FE1B3E916100CD4662 /* MgMessageViewController.m */ = {isa = PBXFileReference; fileEncoding = 4; lastKnownFileType = sourcecode.c.objc; path = MgMessageViewController.m; sourceTree = "<group>"; };
		CCB853021B3E916100CD4662 /* AppDelegate.h */ = {isa = PBXFileReference; fileEncoding = 4; lastKnownFileType = sourcecode.c.h; path = AppDelegate.h; sourceTree = "<group>"; };
		CCB853031B3E916100CD4662 /* AppDelegate.m */ = {isa = PBXFileReference; fileEncoding = 4; lastKnownFileType = sourcecode.c.objc; path = AppDelegate.m; sourceTree = "<group>"; };
		CCB853041B3E916100CD4662 /* main.m */ = {isa = PBXFileReference; fileEncoding = 4; lastKnownFileType = sourcecode.c.objc; path = main.m; sourceTree = "<group>"; };
		CCB8530D1B3E944900CD4662 /* PrefixHeader.pch */ = {isa = PBXFileReference; fileEncoding = 4; lastKnownFileType = sourcecode.c.h; path = PrefixHeader.pch; sourceTree = "<group>"; };
		CCB8530F1B3ECA6E00CD4662 /* UIImage+MG.h */ = {isa = PBXFileReference; fileEncoding = 4; lastKnownFileType = sourcecode.c.h; path = "UIImage+MG.h"; sourceTree = "<group>"; };
		CCB853101B3ECA6E00CD4662 /* UIImage+MG.m */ = {isa = PBXFileReference; fileEncoding = 4; lastKnownFileType = sourcecode.c.objc; path = "UIImage+MG.m"; sourceTree = "<group>"; };
		CCE7B66B1B43DEA000BDA866 /* UIBarButtonItem+MG.h */ = {isa = PBXFileReference; fileEncoding = 4; lastKnownFileType = sourcecode.c.h; path = "UIBarButtonItem+MG.h"; sourceTree = "<group>"; };
		CCE7B66C1B43DEA000BDA866 /* UIBarButtonItem+MG.m */ = {isa = PBXFileReference; fileEncoding = 4; lastKnownFileType = sourcecode.c.objc; path = "UIBarButtonItem+MG.m"; sourceTree = "<group>"; };
		CCE7B66E1B43ED2500BDA866 /* MGSearchBar.h */ = {isa = PBXFileReference; fileEncoding = 4; lastKnownFileType = sourcecode.c.h; path = MGSearchBar.h; sourceTree = "<group>"; };
		CCE7B66F1B43ED2500BDA866 /* MGSearchBar.m */ = {isa = PBXFileReference; fileEncoding = 4; lastKnownFileType = sourcecode.c.objc; path = MGSearchBar.m; sourceTree = "<group>"; };
		CCE7B6711B44143500BDA866 /* MGTitleButton.h */ = {isa = PBXFileReference; fileEncoding = 4; lastKnownFileType = sourcecode.c.h; path = MGTitleButton.h; sourceTree = "<group>"; };
		CCE7B6721B44143500BDA866 /* MGTitleButton.m */ = {isa = PBXFileReference; fileEncoding = 4; lastKnownFileType = sourcecode.c.objc; path = MGTitleButton.m; sourceTree = "<group>"; };
		CCF0C3721BC6D65A007063F4 /* NSDate+MG.h */ = {isa = PBXFileReference; fileEncoding = 4; lastKnownFileType = sourcecode.c.h; path = "NSDate+MG.h"; sourceTree = "<group>"; };
		CCF0C3731BC6D65A007063F4 /* NSDate+MG.m */ = {isa = PBXFileReference; fileEncoding = 4; lastKnownFileType = sourcecode.c.objc; path = "NSDate+MG.m"; sourceTree = "<group>"; };
/* End PBXFileReference section */

/* Begin PBXFrameworksBuildPhase section */
		CC7C45291B3D8F7600BBB3DD /* Frameworks */ = {
			isa = PBXFrameworksBuildPhase;
			buildActionMask = 2147483647;
			files = (
			);
			runOnlyForDeploymentPostprocessing = 0;
		};
/* End PBXFrameworksBuildPhase section */

/* Begin PBXGroup section */
		CC0394031B7DEE2A007309F1 /* Model */ = {
			isa = PBXGroup;
			children = (
				CC0394041B7DEE55007309F1 /* MGAccount.h */,
				CC0394051B7DEE55007309F1 /* MGAccount.m */,
			);
			path = Model;
			sourceTree = "<group>";
		};
		CC3C2A521BEEC7C5006C6277 /* PhotoView */ = {
			isa = PBXGroup;
			children = (
				CC3C2A551BEEC7C5006C6277 /* MGStatusPhotoView.h */,
				CC3C2A561BEEC7C5006C6277 /* MGStatusPhotoView.m */,
				CC3C2A531BEEC7C5006C6277 /* MGStatusPhotosView.h */,
				CC3C2A541BEEC7C5006C6277 /* MGStatusPhotosView.m */,
			);
			path = PhotoView;
			sourceTree = "<group>";
		};
		CC3C2BCF1BEF9ACA006C6277 /* Compose(发微博) */ = {
			isa = PBXGroup;
			children = (
				CC3C2BD01BEF9ACA006C6277 /* Controller */,
				CC3C2BD11BEF9ACA006C6277 /* Model */,
				CC3C2BD21BEF9ACA006C6277 /* View */,
			);
			path = "Compose(发微博)";
			sourceTree = "<group>";
		};
		CC3C2BD01BEF9ACA006C6277 /* Controller */ = {
			isa = PBXGroup;
			children = (
				CC3C2BD31BEF9AFC006C6277 /* MGComposeViewController.h */,
				CC3C2BD41BEF9AFC006C6277 /* MGComposeViewController.m */,
			);
			path = Controller;
			sourceTree = "<group>";
		};
		CC3C2BD11BEF9ACA006C6277 /* Model */ = {
			isa = PBXGroup;
			children = (
			);
			path = Model;
			sourceTree = "<group>";
		};
		CC3C2BD21BEF9ACA006C6277 /* View */ = {
			isa = PBXGroup;
			children = (
				CC47A3711BF6D9A100EC990F /* MGComposeToolbar.h */,
				CC47A3721BF6D9A100EC990F /* MGComposeToolbar.m */,
				CC63C9121BF82F9F00C51FB7 /* MGPhotosView.h */,
				CC63C9131BF82F9F00C51FB7 /* MGPhotosView.m */,
				CC3C2BD61BEFA612006C6277 /* MGPlaceholderTextView.h */,
				CC3C2BD71BEFA612006C6277 /* MGPlaceholderTextView.m */,
			);
			path = View;
			sourceTree = "<group>";
		};
		CC4D5AB91BF8E4E600F85B16 /* Tool */ = {
			isa = PBXGroup;
			children = (
				CC4D5ABA1BF8E50A00F85B16 /* MGHttpTool.h */,
				CC4D5ABB1BF8E50A00F85B16 /* MGHttpTool.m */,
			);
			path = Tool;
			sourceTree = "<group>";
		};
		CC5F31461B89BF9300603055 /* Tool */ = {
			isa = PBXGroup;
			children = (
				CC5F31471B89BF9300603055 /* MGAccountTool.h */,
				CC5F31481B89BF9300603055 /* MGAccountTool.m */,
			);
			path = Tool;
			sourceTree = "<group>";
		};
		CC71BE461B462A0D0076AE04 /* Newfeature(新特性) */ = {
			isa = PBXGroup;
			children = (
				CC71BE471B462A0D0076AE04 /* Controller */,
				CC71BE481B462A0D0076AE04 /* Model */,
				CC71BE491B462A0D0076AE04 /* View */,
			);
			path = "Newfeature(新特性)";
			sourceTree = "<group>";
		};
		CC71BE471B462A0D0076AE04 /* Controller */ = {
			isa = PBXGroup;
			children = (
				CC71BE4A1B462A4C0076AE04 /* MGNewfeatureViewController.h */,
				CC71BE4B1B462A4C0076AE04 /* MGNewfeatureViewController.m */,
			);
			path = Controller;
			sourceTree = "<group>";
		};
		CC71BE481B462A0D0076AE04 /* Model */ = {
			isa = PBXGroup;
			children = (
			);
			path = Model;
			sourceTree = "<group>";
		};
		CC71BE491B462A0D0076AE04 /* View */ = {
			isa = PBXGroup;
			children = (
			);
			path = View;
			sourceTree = "<group>";
		};
		CC7AE3A81CBEDB4700241975 /* Vendor */ = {
			isa = PBXGroup;
			children = (
				CC7AE3A91CBEDB4700241975 /* AFNetworking */,
				CC7AE3BD1CBEDB4700241975 /* MBProgressHUD */,
				CC7AE3C31CBEDB4700241975 /* MJExtension */,
				CC7AE3D31CBEDB4700241975 /* MJPhotoBrowser */,
				CC7AE3E31CBEDB4700241975 /* MJRefresh */,
				CC7AE3EE1CBEDB4700241975 /* SDWebImage */,
			);
			path = Vendor;
			sourceTree = "<group>";
		};
		CC7AE3A91CBEDB4700241975 /* AFNetworking */ = {
			isa = PBXGroup;
			children = (
				CC7AE3AA1CBEDB4700241975 /* AFHTTPRequestOperation.h */,
				CC7AE3AB1CBEDB4700241975 /* AFHTTPRequestOperation.m */,
				CC7AE3AC1CBEDB4700241975 /* AFHTTPRequestOperationManager.h */,
				CC7AE3AD1CBEDB4700241975 /* AFHTTPRequestOperationManager.m */,
				CC7AE3AE1CBEDB4700241975 /* AFHTTPSessionManager.h */,
				CC7AE3AF1CBEDB4700241975 /* AFHTTPSessionManager.m */,
				CC7AE3B11CBEDB4700241975 /* AFNetworkReachabilityManager.h */,
				CC7AE3B21CBEDB4700241975 /* AFNetworkReachabilityManager.m */,
				CC7AE3B01CBEDB4700241975 /* AFNetworking.h */,
				CC7AE3B31CBEDB4700241975 /* AFSecurityPolicy.h */,
				CC7AE3B41CBEDB4700241975 /* AFSecurityPolicy.m */,
				CC7AE3B51CBEDB4700241975 /* AFURLConnectionOperation.h */,
				CC7AE3B61CBEDB4700241975 /* AFURLConnectionOperation.m */,
				CC7AE3B71CBEDB4700241975 /* AFURLRequestSerialization.h */,
				CC7AE3B81CBEDB4700241975 /* AFURLRequestSerialization.m */,
				CC7AE3B91CBEDB4700241975 /* AFURLResponseSerialization.h */,
				CC7AE3BA1CBEDB4700241975 /* AFURLResponseSerialization.m */,
				CC7AE3BB1CBEDB4700241975 /* AFURLSessionManager.h */,
				CC7AE3BC1CBEDB4700241975 /* AFURLSessionManager.m */,
			);
			path = AFNetworking;
			sourceTree = "<group>";
		};
		CC7AE3BD1CBEDB4700241975 /* MBProgressHUD */ = {
			isa = PBXGroup;
			children = (
				CC7AE3BE1CBEDB4700241975 /* MBProgressHUD+MJ.h */,
				CC7AE3BF1CBEDB4700241975 /* MBProgressHUD+MJ.m */,
				CC7AE3C01CBEDB4700241975 /* MBProgressHUD.bundle */,
				CC7AE3C11CBEDB4700241975 /* MBProgressHUD.h */,
				CC7AE3C21CBEDB4700241975 /* MBProgressHUD.m */,
			);
			path = MBProgressHUD;
			sourceTree = "<group>";
		};
		CC7AE3C31CBEDB4700241975 /* MJExtension */ = {
			isa = PBXGroup;
			children = (
				CC7AE3C41CBEDB4700241975 /* MJConst.h */,
				CC7AE3C51CBEDB4700241975 /* MJConst.m */,
				CC7AE3C61CBEDB4700241975 /* MJExtension.h */,
				CC7AE3C71CBEDB4700241975 /* MJFoundation.h */,
				CC7AE3C81CBEDB4700241975 /* MJFoundation.m */,
				CC7AE3C91CBEDB4700241975 /* MJIvar.h */,
				CC7AE3CA1CBEDB4700241975 /* MJIvar.m */,
				CC7AE3CB1CBEDB4700241975 /* MJType.h */,
				CC7AE3CC1CBEDB4700241975 /* MJType.m */,
				CC7AE3CD1CBEDB4700241975 /* NSObject+MJCoding.h */,
				CC7AE3CE1CBEDB4700241975 /* NSObject+MJCoding.m */,
				CC7AE3CF1CBEDB4700241975 /* NSObject+MJIvar.h */,
				CC7AE3D01CBEDB4700241975 /* NSObject+MJIvar.m */,
				CC7AE3D11CBEDB4700241975 /* NSObject+MJKeyValue.h */,
				CC7AE3D21CBEDB4700241975 /* NSObject+MJKeyValue.m */,
			);
			path = MJExtension;
			sourceTree = "<group>";
		};
		CC7AE3D31CBEDB4700241975 /* MJPhotoBrowser */ = {
			isa = PBXGroup;
			children = (
				CC7AE3D41CBEDB4700241975 /* MJPhoto.h */,
				CC7AE3D51CBEDB4700241975 /* MJPhoto.m */,
				CC7AE3D61CBEDB4700241975 /* MJPhotoBrowser.bundle */,
				CC7AE3D71CBEDB4700241975 /* MJPhotoBrowser.h */,
				CC7AE3D81CBEDB4700241975 /* MJPhotoBrowser.m */,
				CC7AE3D91CBEDB4700241975 /* MJPhotoLoadingView.h */,
				CC7AE3DA1CBEDB4700241975 /* MJPhotoLoadingView.m */,
				CC7AE3DB1CBEDB4700241975 /* MJPhotoProgressView.h */,
				CC7AE3DC1CBEDB4700241975 /* MJPhotoProgressView.m */,
				CC7AE3DD1CBEDB4700241975 /* MJPhotoToolbar.h */,
				CC7AE3DE1CBEDB4700241975 /* MJPhotoToolbar.m */,
				CC7AE3DF1CBEDB4700241975 /* MJPhotoView.h */,
				CC7AE3E01CBEDB4700241975 /* MJPhotoView.m */,
				CC7AE3E11CBEDB4700241975 /* SDWebImageManager+MJ.h */,
				CC7AE3E21CBEDB4700241975 /* SDWebImageManager+MJ.m */,
			);
			path = MJPhotoBrowser;
			sourceTree = "<group>";
		};
		CC7AE3E31CBEDB4700241975 /* MJRefresh */ = {
			isa = PBXGroup;
			children = (
				CC7AE3E41CBEDB4700241975 /* MJRefresh.bundle */,
				CC7AE3E51CBEDB4700241975 /* MJRefresh.h */,
				CC7AE3E61CBEDB4700241975 /* MJRefreshBaseView.h */,
				CC7AE3E71CBEDB4700241975 /* MJRefreshBaseView.m */,
				CC7AE3E81CBEDB4700241975 /* MJRefreshConst.h */,
				CC7AE3E91CBEDB4700241975 /* MJRefreshConst.m */,
				CC7AE3EA1CBEDB4700241975 /* MJRefreshFooterView.h */,
				CC7AE3EB1CBEDB4700241975 /* MJRefreshFooterView.m */,
				CC7AE3EC1CBEDB4700241975 /* MJRefreshHeaderView.h */,
				CC7AE3ED1CBEDB4700241975 /* MJRefreshHeaderView.m */,
			);
			path = MJRefresh;
			sourceTree = "<group>";
		};
		CC7AE3EE1CBEDB4700241975 /* SDWebImage */ = {
			isa = PBXGroup;
			children = (
				CC7AE3EF1CBEDB4700241975 /* MKAnnotationView+WebCache.h */,
				CC7AE3F01CBEDB4700241975 /* MKAnnotationView+WebCache.m */,
				CC7AE3F11CBEDB4700241975 /* NSData+ImageContentType.h */,
				CC7AE3F21CBEDB4700241975 /* NSData+ImageContentType.m */,
				CC7AE3F31CBEDB4700241975 /* SDImageCache.h */,
				CC7AE3F41CBEDB4700241975 /* SDImageCache.m */,
				CC7AE3F51CBEDB4700241975 /* SDWebImageCompat.h */,
				CC7AE3F61CBEDB4700241975 /* SDWebImageCompat.m */,
				CC7AE3F71CBEDB4700241975 /* SDWebImageDecoder.h */,
				CC7AE3F81CBEDB4700241975 /* SDWebImageDecoder.m */,
				CC7AE3F91CBEDB4700241975 /* SDWebImageDownloader.h */,
				CC7AE3FA1CBEDB4700241975 /* SDWebImageDownloader.m */,
				CC7AE3FB1CBEDB4700241975 /* SDWebImageDownloaderOperation.h */,
				CC7AE3FC1CBEDB4700241975 /* SDWebImageDownloaderOperation.m */,
				CC7AE3FD1CBEDB4700241975 /* SDWebImageManager.h */,
				CC7AE3FE1CBEDB4700241975 /* SDWebImageManager.m */,
				CC7AE3FF1CBEDB4700241975 /* SDWebImageOperation.h */,
				CC7AE4001CBEDB4700241975 /* SDWebImagePrefetcher.h */,
				CC7AE4011CBEDB4700241975 /* SDWebImagePrefetcher.m */,
				CC7AE4021CBEDB4700241975 /* UIButton+WebCache.h */,
				CC7AE4031CBEDB4700241975 /* UIButton+WebCache.m */,
				CC7AE4041CBEDB4700241975 /* UIImage+GIF.h */,
				CC7AE4051CBEDB4700241975 /* UIImage+GIF.m */,
				CC7AE4061CBEDB4700241975 /* UIImage+MultiFormat.h */,
				CC7AE4071CBEDB4700241975 /* UIImage+MultiFormat.m */,
				CC7AE4081CBEDB4700241975 /* UIImage+WebP.h */,
				CC7AE4091CBEDB4700241975 /* UIImage+WebP.m */,
				CC7AE40A1CBEDB4700241975 /* UIImageView+HighlightedWebCache.h */,
				CC7AE40B1CBEDB4700241975 /* UIImageView+HighlightedWebCache.m */,
				CC7AE40C1CBEDB4700241975 /* UIImageView+WebCache.h */,
				CC7AE40D1CBEDB4700241975 /* UIImageView+WebCache.m */,
				CC7AE40E1CBEDB4700241975 /* UIView+WebCacheOperation.h */,
				CC7AE40F1CBEDB4700241975 /* UIView+WebCacheOperation.m */,
			);
			path = SDWebImage;
			sourceTree = "<group>";
		};
		CC7AE4621CBEE92A00241975 /* Group */ = {
			isa = PBXGroup;
			children = (
				CC7AE4631CBEE92A00241975 /* IWSettingCheckGroup.h */,
				CC7AE4641CBEE92A00241975 /* IWSettingCheckGroup.m */,
				CC7AE4651CBEE92A00241975 /* IWSettingGroup.h */,
				CC7AE4661CBEE92A00241975 /* IWSettingGroup.m */,
			);
			path = Group;
			sourceTree = "<group>";
		};
		CC7AE4671CBEE92A00241975 /* Item */ = {
			isa = PBXGroup;
			children = (
				CC7AE4681CBEE92A00241975 /* IWSettingArrowItem.h */,
				CC7AE4691CBEE92A00241975 /* IWSettingArrowItem.m */,
				CC7AE46A1CBEE92A00241975 /* IWSettingCheckItem.h */,
				CC7AE46B1CBEE92A00241975 /* IWSettingCheckItem.m */,
				CC7AE46C1CBEE92A00241975 /* IWSettingItem.h */,
				CC7AE46D1CBEE92A00241975 /* IWSettingItem.m */,
				CC7AE46E1CBEE92A00241975 /* IWSettingLabelItem.h */,
				CC7AE46F1CBEE92A00241975 /* IWSettingLabelItem.m */,
				CC7AE4701CBEE92A00241975 /* IWSettingSwitchItem.h */,
				CC7AE4711CBEE92A00241975 /* IWSettingSwitchItem.m */,
				CC7AE4721CBEE92A00241975 /* IWSettingValueItem.h */,
				CC7AE4731CBEE92A00241975 /* IWSettingValueItem.m */,
			);
			path = Item;
			sourceTree = "<group>";
		};
		CC7AE47C1CBEE93800241975 /* Cell */ = {
			isa = PBXGroup;
			children = (
				CC7AE47D1CBEE93800241975 /* IWBgCell.h */,
				CC7AE47E1CBEE93800241975 /* IWBgCell.m */,
				CC7AE47F1CBEE93800241975 /* IWSettingCell.h */,
				CC7AE4801CBEE93800241975 /* IWSettingCell.m */,
			);
			path = Cell;
			sourceTree = "<group>";
		};
		CC7AE48E1CBEEC3F00241975 /* Mine(我) */ = {
			isa = PBXGroup;
			children = (
				CC7AE48F1CBEEC3F00241975 /* Controller */,
				CC7AE4A41CBEEC3F00241975 /* Model */,
				CC7AE4A51CBEEC3F00241975 /* View */,
			);
			path = "Mine(我)";
			sourceTree = "<group>";
		};
		CC7AE48F1CBEEC3F00241975 /* Controller */ = {
			isa = PBXGroup;
			children = (
				CC7AE4901CBEEC3F00241975 /* IWCheckViewController.h */,
				CC7AE4911CBEEC3F00241975 /* IWCheckViewController.m */,
				CC7AE4921CBEEC3F00241975 /* IWFontViewController.h */,
				CC7AE4931CBEEC3F00241975 /* IWFontViewController.m */,
				CC7AE4941CBEEC3F00241975 /* IWGeneralViewController.h */,
				CC7AE4951CBEEC3F00241975 /* IWGeneralViewController.m */,
				CC7AE4961CBEEC3F00241975 /* IWIconQualityViewController.h */,
				CC7AE4971CBEEC3F00241975 /* IWIconQualityViewController.m */,
				CC7AE4981CBEEC3F00241975 /* IWLanguageViewController.h */,
				CC7AE4991CBEEC3F00241975 /* IWLanguageViewController.m */,
				CC7AE49C1CBEEC3F00241975 /* IWReadModeViewController.h */,
				CC7AE49D1CBEEC3F00241975 /* IWReadModeViewController.m */,
				CC7AE49E1CBEEC3F00241975 /* IWSystemSettingViewController.h */,
				CC7AE49F1CBEEC3F00241975 /* IWSystemSettingViewController.m */,
				CC7AE4A01CBEEC3F00241975 /* IWThemeBgViewController.h */,
				CC7AE4A11CBEEC3F00241975 /* IWThemeBgViewController.m */,
				CC7AE4A21CBEEC3F00241975 /* MGMineViewController.h */,
				CC7AE4A31CBEEC3F00241975 /* MGMineViewController.m */,
			);
			path = Controller;
			sourceTree = "<group>";
		};
		CC7AE4A41CBEEC3F00241975 /* Model */ = {
			isa = PBXGroup;
			children = (
			);
			path = Model;
			sourceTree = "<group>";
		};
		CC7AE4A51CBEEC3F00241975 /* View */ = {
			isa = PBXGroup;
			children = (
			);
			path = View;
			sourceTree = "<group>";
		};
		CC7C45231B3D8F7600BBB3DD = {
			isa = PBXGroup;
			children = (
				CC7C452E1B3D8F7700BBB3DD /* MGWeibo */,
				CC7C452D1B3D8F7700BBB3DD /* Products */,
			);
			sourceTree = "<group>";
		};
		CC7C452D1B3D8F7700BBB3DD /* Products */ = {
			isa = PBXGroup;
			children = (
				CC7C452C1B3D8F7700BBB3DD /* MGWeibo.app */,
			);
			name = Products;
			sourceTree = "<group>";
		};
		CC7C452E1B3D8F7700BBB3DD /* MGWeibo */ = {
			isa = PBXGroup;
			children = (
				CCB852E21B3E916100CD4662 /* Classes */,
				CC7C452F1B3D8F7700BBB3DD /* Supporting Files */,
			);
			path = MGWeibo;
			sourceTree = "<group>";
		};
		CC7C452F1B3D8F7700BBB3DD /* Supporting Files */ = {
			isa = PBXGroup;
			children = (
				CCB7DCD31B3E401300708281 /* Images.xcassets */,
				CC7C45301B3D8F7700BBB3DD /* Info.plist */,
				CC1D9D301BD2D02D00839EEB /* new_feature_1-568h@2x.png */,
				CC1D9D311BD2D02D00839EEB /* new_feature_2-568h@2x.png */,
				CC1D9D321BD2D02D00839EEB /* new_feature_3-568h@2x.png */,
			);
			path = "Supporting Files";
			sourceTree = "<group>";
		};
		CC8CD3A91B6A85B400B4E043 /* OAuth(授权) */ = {
			isa = PBXGroup;
			children = (
				CC8CD3AA1B6A85B400B4E043 /* Controller */,
				CC0394031B7DEE2A007309F1 /* Model */,
				CC5F31461B89BF9300603055 /* Tool */,
			);
			path = "OAuth(授权)";
			sourceTree = "<group>";
		};
		CC8CD3AA1B6A85B400B4E043 /* Controller */ = {
			isa = PBXGroup;
			children = (
				CC8CD3AB1B6A864F00B4E043 /* MGOAuthViewController.h */,
				CC8CD3AC1B6A864F00B4E043 /* MGOAuthViewController.m */,
			);
			path = Controller;
			sourceTree = "<group>";
		};
		CCB852E21B3E916100CD4662 /* Classes */ = {
			isa = PBXGroup;
			children = (
				CC3C2BCF1BEF9ACA006C6277 /* Compose(发微博) */,
				CCB852E31B3E916100CD4662 /* Discover(广场) */,
				CCB852E91B3E916100CD4662 /* Home(首页) */,
				CCB852EF1B3E916100CD4662 /* Main(主要) */,
				CCB852FB1B3E916100CD4662 /* Message(消息) */,
				CC7AE48E1CBEEC3F00241975 /* Mine(我) */,
				CC71BE461B462A0D0076AE04 /* Newfeature(新特性) */,
				CC8CD3A91B6A85B400B4E043 /* OAuth(授权) */,
				CCB853011B3E916100CD4662 /* Other(其他) */,
			);
			path = Classes;
			sourceTree = "<group>";
		};
		CCB852E31B3E916100CD4662 /* Discover(广场) */ = {
			isa = PBXGroup;
			children = (
				CCB852E41B3E916100CD4662 /* Controller */,
				CCB852E71B3E916100CD4662 /* Model */,
				CCB852E81B3E916100CD4662 /* View */,
			);
			path = "Discover(广场)";
			sourceTree = "<group>";
		};
		CCB852E41B3E916100CD4662 /* Controller */ = {
			isa = PBXGroup;
			children = (
				CCB852E51B3E916100CD4662 /* MGDiscoverViewController.h */,
				CCB852E61B3E916100CD4662 /* MGDiscoverViewController.m */,
			);
			path = Controller;
			sourceTree = "<group>";
		};
		CCB852E71B3E916100CD4662 /* Model */ = {
			isa = PBXGroup;
			children = (
			);
			path = Model;
			sourceTree = "<group>";
		};
		CCB852E81B3E916100CD4662 /* View */ = {
			isa = PBXGroup;
			children = (
				CCE7B66E1B43ED2500BDA866 /* MGSearchBar.h */,
				CCE7B66F1B43ED2500BDA866 /* MGSearchBar.m */,
			);
			path = View;
			sourceTree = "<group>";
		};
		CCB852E91B3E916100CD4662 /* Home(首页) */ = {
			isa = PBXGroup;
			children = (
				CCB852EA1B3E916100CD4662 /* Controller */,
				CCB852ED1B3E916100CD4662 /* Model */,
				CCB852EE1B3E916100CD4662 /* View */,
			);
			path = "Home(首页)";
			sourceTree = "<group>";
		};
		CCB852EA1B3E916100CD4662 /* Controller */ = {
			isa = PBXGroup;
			children = (
				CCB852EB1B3E916100CD4662 /* MGHomeViewController.h */,
				CCB852EC1B3E916100CD4662 /* MGHomeViewController.m */,
			);
			path = Controller;
			sourceTree = "<group>";
		};
		CCB852ED1B3E916100CD4662 /* Model */ = {
			isa = PBXGroup;
			children = (
				CC6475B11BD009C500310D27 /* MGPhoto.h */,
				CC6475B21BD009C500310D27 /* MGPhoto.m */,
				CC5F32711B8A2AEA00603055 /* MGStatus.h */,
				CC5F32721B8A2AEA00603055 /* MGStatus.m */,
				CC464C781B8B5E200087A67E /* MGStatusFrame.h */,
				CC464C791B8B5E200087A67E /* MGStatusFrame.m */,
				CC5F32741B8A2D7A00603055 /* MGUser.h */,
				CC5F32751B8A2D7A00603055 /* MGUser.m */,
			);
			path = Model;
			sourceTree = "<group>";
		};
		CCB852EE1B3E916100CD4662 /* View */ = {
			isa = PBXGroup;
			children = (
				CC3C2A521BEEC7C5006C6277 /* PhotoView */,
				CC6799E91BCC74E0006B877D /* MGRetweetStatusView.h */,
				CC6799EA1BCC74E0006B877D /* MGRetweetStatusView.m */,
				CC60FBCC1B8AC736001571C6 /* MGStatusCell.h */,
				CC60FBCD1B8AC736001571C6 /* MGStatusCell.m */,
				CC6799EC1BCC7D06006B877D /* MGStatusTopView.h */,
				CC6799ED1BCC7D06006B877D /* MGStatusTopView.m */,
				CC79C4E11BCAAAEE0057D481 /* MGStatusToolBar.h */,
				CC79C4E21BCAAAEE0057D481 /* MGStatusToolBar.m */,
				CCE7B6711B44143500BDA866 /* MGTitleButton.h */,
				CCE7B6721B44143500BDA866 /* MGTitleButton.m */,
			);
			path = View;
			sourceTree = "<group>";
		};
		CCB852EF1B3E916100CD4662 /* Main(主要) */ = {
			isa = PBXGroup;
			children = (
				CCB852F01B3E916100CD4662 /* Controller */,
				CCB852F31B3E916100CD4662 /* Model */,
				CCB852F41B3E916100CD4662 /* View */,
			);
			path = "Main(主要)";
			sourceTree = "<group>";
		};
		CCB852F01B3E916100CD4662 /* Controller */ = {
			isa = PBXGroup;
			children = (
				CC7AE45F1CBEE92000241975 /* IWSettingViewController.h */,
				CC7AE4601CBEE92000241975 /* IWSettingViewController.m */,
				CC55AC051B43957B00F9A89F /* MGNavigationController.h */,
				CC55AC061B43957B00F9A89F /* MGNavigationController.m */,
				CCB852F11B3E916100CD4662 /* MGTabBarViewController.h */,
				CCB852F21B3E916100CD4662 /* MGTabBarViewController.m */,
			);
			path = Controller;
			sourceTree = "<group>";
		};
		CCB852F31B3E916100CD4662 /* Model */ = {
			isa = PBXGroup;
			children = (
				CC7AE4621CBEE92A00241975 /* Group */,
				CC7AE4671CBEE92A00241975 /* Item */,
			);
			path = Model;
			sourceTree = "<group>";
		};
		CCB852F41B3E916100CD4662 /* View */ = {
			isa = PBXGroup;
			children = (
				CC7AE47C1CBEE93800241975 /* Cell */,
				CC7AE4811CBEE93800241975 /* IWBadgeButton.h */,
				CC7AE4821CBEE93800241975 /* IWBadgeButton.m */,
				CC7AE4831CBEE93800241975 /* IWTabBar.h */,
				CC7AE4841CBEE93800241975 /* IWTabBar.m */,
				CC7AE4851CBEE93800241975 /* IWTabBarButton.h */,
				CC7AE4861CBEE93800241975 /* IWTabBarButton.m */,
				CC97E3281B416A15005CE29F /* MGBadgeButton.h */,
				CC97E3291B416A15005CE29F /* MGBadgeButton.m */,
				CC6DD4C31B3FA2DB00B5D860 /* MGTabBar.h */,
				CC6DD4C41B3FA2DB00B5D860 /* MGTabBar.m */,
				CC3BAA281B400E77005CA92B /* MgTabBarButton.h */,
				CC3BAA291B400E77005CA92B /* MgTabBarButton.m */,
			);
			path = View;
			sourceTree = "<group>";
		};
		CCB852FB1B3E916100CD4662 /* Message(消息) */ = {
			isa = PBXGroup;
			children = (
				CCB852FC1B3E916100CD4662 /* Controller */,
				CCB852FF1B3E916100CD4662 /* Model */,
				CCB853001B3E916100CD4662 /* View */,
			);
			path = "Message(消息)";
			sourceTree = "<group>";
		};
		CCB852FC1B3E916100CD4662 /* Controller */ = {
			isa = PBXGroup;
			children = (
				CCB852FD1B3E916100CD4662 /* MgMessageViewController.h */,
				CCB852FE1B3E916100CD4662 /* MgMessageViewController.m */,
			);
			path = Controller;
			sourceTree = "<group>";
		};
		CCB852FF1B3E916100CD4662 /* Model */ = {
			isa = PBXGroup;
			children = (
			);
			path = Model;
			sourceTree = "<group>";
		};
		CCB853001B3E916100CD4662 /* View */ = {
			isa = PBXGroup;
			children = (
			);
			path = View;
			sourceTree = "<group>";
		};
		CCB853011B3E916100CD4662 /* Other(其他) */ = {
			isa = PBXGroup;
			children = (
				CCB8530E1B3ECA2F00CD4662 /* Category */,
				CC4D5AB91BF8E4E600F85B16 /* Tool */,
				CC7AE3A81CBEDB4700241975 /* Vendor */,
				CCB853021B3E916100CD4662 /* AppDelegate.h */,
				CCB853031B3E916100CD4662 /* AppDelegate.m */,
				CC1D9D361BD2DC7000839EEB /* MGCommon.h */,
				CC7AE48C1CBEEB1300241975 /* MGCommon.m */,
				CC5F313B1B89B1E800603055 /* MGWeiboTool.h */,
				CC5F313C1B89B1E800603055 /* MGWeiboTool.m */,
				CCB8530D1B3E944900CD4662 /* PrefixHeader.pch */,
				CCB853041B3E916100CD4662 /* main.m */,
			);
			path = "Other(其他)";
			sourceTree = "<group>";
		};
		CCB8530E1B3ECA2F00CD4662 /* Category */ = {
			isa = PBXGroup;
			children = (
				CCF0C3721BC6D65A007063F4 /* NSDate+MG.h */,
				CCF0C3731BC6D65A007063F4 /* NSDate+MG.m */,
				CCE7B66B1B43DEA000BDA866 /* UIBarButtonItem+MG.h */,
				CCE7B66C1B43DEA000BDA866 /* UIBarButtonItem+MG.m */,
				CCB8530F1B3ECA6E00CD4662 /* UIImage+MG.h */,
				CCB853101B3ECA6E00CD4662 /* UIImage+MG.m */,
				CC2F729C1BD3DCAE0046A21D /* UIView+Layout.h */,
				CC2F729D1BD3DCAE0046A21D /* UIView+Layout.m */,
			);
			path = Category;
			sourceTree = "<group>";
		};
/* End PBXGroup section */

/* Begin PBXNativeTarget section */
		CC7C452B1B3D8F7600BBB3DD /* MGWeibo.temp_caseinsensitive_rename */ = {
			isa = PBXNativeTarget;
			buildConfigurationList = CC7C454F1B3D8F7700BBB3DD /* Build configuration list for PBXNativeTarget "MGWeibo.temp_caseinsensitive_rename" */;
			buildPhases = (
				CC7C45281B3D8F7600BBB3DD /* Sources */,
				CC7C45291B3D8F7600BBB3DD /* Frameworks */,
				CC7C452A1B3D8F7600BBB3DD /* Resources */,
			);
			buildRules = (
			);
			dependencies = (
			);
			name = MGWeibo.temp_caseinsensitive_rename;
			productName = MgWeibo;
			productReference = CC7C452C1B3D8F7700BBB3DD /* MGWeibo.app */;
			productType = "com.apple.product-type.application";
		};
/* End PBXNativeTarget section */

/* Begin PBXProject section */
		CC7C45241B3D8F7600BBB3DD /* Project object */ = {
			isa = PBXProject;
			attributes = {
				LastUpgradeCheck = 0610;
				ORGANIZATIONNAME = "穆良";
				TargetAttributes = {
					CC7C452B1B3D8F7600BBB3DD = {
						CreatedOnToolsVersion = 6.1.1;
						DevelopmentTeam = YEH9VENLMS;
					};
				};
			};
			buildConfigurationList = CC7C45271B3D8F7600BBB3DD /* Build configuration list for PBXProject "MGWeibo" */;
			compatibilityVersion = "Xcode 3.2";
			developmentRegion = English;
			hasScannedForEncodings = 0;
			knownRegions = (
				en,
				Base,
			);
			mainGroup = CC7C45231B3D8F7600BBB3DD;
			productRefGroup = CC7C452D1B3D8F7700BBB3DD /* Products */;
			projectDirPath = "";
			projectRoot = "";
			targets = (
				CC7C452B1B3D8F7600BBB3DD /* MGWeibo.temp_caseinsensitive_rename */,
			);
		};
/* End PBXProject section */

/* Begin PBXResourcesBuildPhase section */
		CC7C452A1B3D8F7600BBB3DD /* Resources */ = {
			isa = PBXResourcesBuildPhase;
			buildActionMask = 2147483647;
			files = (
				CCB7DCD41B3E401300708281 /* Images.xcassets in Resources */,
				CC7AE41A1CBEDB4700241975 /* MBProgressHUD.bundle in Resources */,
				CC1D9D341BD2D02D00839EEB /* new_feature_2-568h@2x.png in Resources */,
				CC7AE4241CBEDB4700241975 /* MJPhotoBrowser.bundle in Resources */,
				CC1D9D331BD2D02D00839EEB /* new_feature_1-568h@2x.png in Resources */,
				CC7AE42B1CBEDB4700241975 /* MJRefresh.bundle in Resources */,
				CC1D9D351BD2D02D00839EEB /* new_feature_3-568h@2x.png in Resources */,
			);
			runOnlyForDeploymentPostprocessing = 0;
		};
/* End PBXResourcesBuildPhase section */

/* Begin PBXSourcesBuildPhase section */
		CC7C45281B3D8F7600BBB3DD /* Sources */ = {
			isa = PBXSourcesBuildPhase;
			buildActionMask = 2147483647;
			files = (
				CC7AE4151CBEDB4700241975 /* AFURLConnectionOperation.m in Sources */,
				CC7AE48A1CBEE93800241975 /* IWTabBar.m in Sources */,
				CC63C9141BF82F9F00C51FB7 /* MGPhotosView.m in Sources */,
				CC60FBCE1B8AC736001571C6 /* MGStatusCell.m in Sources */,
				CC7AE4A61CBEEC3F00241975 /* IWCheckViewController.m in Sources */,
				CC7AE42C1CBEDB4700241975 /* MJRefreshBaseView.m in Sources */,
				CC7AE4611CBEE92000241975 /* IWSettingViewController.m in Sources */,
				CC71BE4C1B462A4C0076AE04 /* MGNewfeatureViewController.m in Sources */,
				CC7AE48B1CBEE93800241975 /* IWTabBarButton.m in Sources */,
				CC7AE47A1CBEE92A00241975 /* IWSettingSwitchItem.m in Sources */,
				CC3BAA2A1B400E77005CA92B /* MgTabBarButton.m in Sources */,
				CC2F729E1BD3DCAE0046A21D /* UIView+Layout.m in Sources */,
				CC7AE41E1CBEDB4700241975 /* MJIvar.m in Sources */,
				CCB853071B3E916100CD4662 /* MGTabBarViewController.m in Sources */,
				CC7AE4231CBEDB4700241975 /* MJPhoto.m in Sources */,
				CC7AE4131CBEDB4700241975 /* AFNetworkReachabilityManager.m in Sources */,
				CC6475B31BD009C500310D27 /* MGPhoto.m in Sources */,
				CC7AE4161CBEDB4700241975 /* AFURLRequestSerialization.m in Sources */,
				CC0394061B7DEE55007309F1 /* MGAccount.m in Sources */,
				CC7AE4781CBEE92A00241975 /* IWSettingItem.m in Sources */,
				CC7AE4891CBEE93800241975 /* IWBadgeButton.m in Sources */,
				CC7AE42E1CBEDB4700241975 /* MJRefreshFooterView.m in Sources */,
				CCE7B66D1B43DEA000BDA866 /* UIBarButtonItem+MG.m in Sources */,
				CC7AE4AA1CBEEC3F00241975 /* IWLanguageViewController.m in Sources */,
				CC7AE43B1CBEDB4700241975 /* UIImage+MultiFormat.m in Sources */,
				CC7AE4AC1CBEEC3F00241975 /* IWReadModeViewController.m in Sources */,
				CC7AE4791CBEE92A00241975 /* IWSettingLabelItem.m in Sources */,
				CC7AE41B1CBEDB4700241975 /* MBProgressHUD.m in Sources */,
				CC4D5ABC1BF8E50A00F85B16 /* MGHttpTool.m in Sources */,
				CCE7B6731B44143500BDA866 /* MGTitleButton.m in Sources */,
				CC7AE4A91CBEEC3F00241975 /* IWIconQualityViewController.m in Sources */,
				CC7AE4771CBEE92A00241975 /* IWSettingCheckItem.m in Sources */,
				CC7AE4761CBEE92A00241975 /* IWSettingArrowItem.m in Sources */,
				CC7AE4181CBEDB4700241975 /* AFURLSessionManager.m in Sources */,
				CC5F313D1B89B1E900603055 /* MGWeiboTool.m in Sources */,
				CC7AE43E1CBEDB4700241975 /* UIImageView+WebCache.m in Sources */,
				CC7AE4201CBEDB4700241975 /* NSObject+MJCoding.m in Sources */,
				CC5F31491B89BF9300603055 /* MGAccountTool.m in Sources */,
				CC3C2BD51BEF9AFC006C6277 /* MGComposeViewController.m in Sources */,
				CC7AE4751CBEE92A00241975 /* IWSettingGroup.m in Sources */,
				CC7AE41F1CBEDB4700241975 /* MJType.m in Sources */,
				CC5F32731B8A2AEA00603055 /* MGStatus.m in Sources */,
				CC47A3731BF6D9A100EC990F /* MGComposeToolbar.m in Sources */,
				CC79C4E31BCAAAEE0057D481 /* MGStatusToolBar.m in Sources */,
				CC7AE4331CBEDB4700241975 /* SDWebImageCompat.m in Sources */,
				CC7AE4271CBEDB4700241975 /* MJPhotoProgressView.m in Sources */,
				CC7AE4281CBEDB4700241975 /* MJPhotoToolbar.m in Sources */,
				CC7AE4351CBEDB4700241975 /* SDWebImageDownloader.m in Sources */,
				CC7AE4121CBEDB4700241975 /* AFHTTPSessionManager.m in Sources */,
				CC7AE41D1CBEDB4700241975 /* MJFoundation.m in Sources */,
				CC6799EB1BCC74E0006B877D /* MGRetweetStatusView.m in Sources */,
				CC7AE47B1CBEE92A00241975 /* IWSettingValueItem.m in Sources */,
				CC7AE4A81CBEEC3F00241975 /* IWGeneralViewController.m in Sources */,
				CC7AE42A1CBEDB4700241975 /* SDWebImageManager+MJ.m in Sources */,
				CC7AE4291CBEDB4700241975 /* MJPhotoView.m in Sources */,
				CC7AE43A1CBEDB4700241975 /* UIImage+GIF.m in Sources */,
				CC7AE41C1CBEDB4700241975 /* MJConst.m in Sources */,
				CC6DD4C51B3FA2DB00B5D860 /* MGTabBar.m in Sources */,
				CC7AE4881CBEE93800241975 /* IWSettingCell.m in Sources */,
				CCE7B6701B43ED2500BDA866 /* MGSearchBar.m in Sources */,
				CC7AE4311CBEDB4700241975 /* NSData+ImageContentType.m in Sources */,
				CC7AE42D1CBEDB4700241975 /* MJRefreshConst.m in Sources */,
				CCB8530A1B3E916100CD4662 /* AppDelegate.m in Sources */,
				CCB853051B3E916100CD4662 /* MGDiscoverViewController.m in Sources */,
				CC7AE4101CBEDB4700241975 /* AFHTTPRequestOperation.m in Sources */,
				CC7AE4AE1CBEEC3F00241975 /* IWThemeBgViewController.m in Sources */,
				CC7AE48D1CBEEB1300241975 /* MGCommon.m in Sources */,
				CC7AE4261CBEDB4700241975 /* MJPhotoLoadingView.m in Sources */,
				CCB853061B3E916100CD4662 /* MGHomeViewController.m in Sources */,
				CC7AE4371CBEDB4700241975 /* SDWebImageManager.m in Sources */,
				CC5F32761B8A2D7A00603055 /* MGUser.m in Sources */,
				CC7AE4361CBEDB4700241975 /* SDWebImageDownloaderOperation.m in Sources */,
				CC7AE4251CBEDB4700241975 /* MJPhotoBrowser.m in Sources */,
				CC7AE4381CBEDB4700241975 /* SDWebImagePrefetcher.m in Sources */,
				CCB8530B1B3E916100CD4662 /* main.m in Sources */,
				CC7AE4341CBEDB4700241975 /* SDWebImageDecoder.m in Sources */,
				CC7AE4191CBEDB4700241975 /* MBProgressHUD+MJ.m in Sources */,
				CC7AE4AD1CBEEC3F00241975 /* IWSystemSettingViewController.m in Sources */,
				CC7AE4301CBEDB4700241975 /* MKAnnotationView+WebCache.m in Sources */,
				CC7AE4171CBEDB4700241975 /* AFURLResponseSerialization.m in Sources */,
				CC7AE4871CBEE93800241975 /* IWBgCell.m in Sources */,
				CC3C2BD81BEFA612006C6277 /* MGPlaceholderTextView.m in Sources */,
				CCB853091B3E916100CD4662 /* MgMessageViewController.m in Sources */,
				CC464C7A1B8B5E200087A67E /* MGStatusFrame.m in Sources */,
				CC7AE4AF1CBEEC3F00241975 /* MGMineViewController.m in Sources */,
				CC6799EE1BCC7D06006B877D /* MGStatusTopView.m in Sources */,
				CC7AE4A71CBEEC3F00241975 /* IWFontViewController.m in Sources */,
				CC97E32A1B416A15005CE29F /* MGBadgeButton.m in Sources */,
				CC8CD3AD1B6A864F00B4E043 /* MGOAuthViewController.m in Sources */,
				CCB853111B3ECA6E00CD4662 /* UIImage+MG.m in Sources */,
				CC3C2A581BEEC7C5006C6277 /* MGStatusPhotoView.m in Sources */,
				CC7AE42F1CBEDB4700241975 /* MJRefreshHeaderView.m in Sources */,
				CC7AE4391CBEDB4700241975 /* UIButton+WebCache.m in Sources */,
				CC7AE4741CBEE92A00241975 /* IWSettingCheckGroup.m in Sources */,
				CC7AE43F1CBEDB4700241975 /* UIView+WebCacheOperation.m in Sources */,
				CC7AE43C1CBEDB4700241975 /* UIImage+WebP.m in Sources */,
				CC3C2A571BEEC7C5006C6277 /* MGStatusPhotosView.m in Sources */,
				CC7AE4111CBEDB4700241975 /* AFHTTPRequestOperationManager.m in Sources */,
				CC7AE4221CBEDB4700241975 /* NSObject+MJKeyValue.m in Sources */,
				CC7AE4141CBEDB4700241975 /* AFSecurityPolicy.m in Sources */,
				CC7AE43D1CBEDB4700241975 /* UIImageView+HighlightedWebCache.m in Sources */,
				CC7AE4321CBEDB4700241975 /* SDImageCache.m in Sources */,
				CCF0C3741BC6D65A007063F4 /* NSDate+MG.m in Sources */,
				CC55AC071B43957B00F9A89F /* MGNavigationController.m in Sources */,
				CC7AE4211CBEDB4700241975 /* NSObject+MJIvar.m in Sources */,
			);
			runOnlyForDeploymentPostprocessing = 0;
		};
/* End PBXSourcesBuildPhase section */

/* Begin XCBuildConfiguration section */
		CC7C454D1B3D8F7700BBB3DD /* Debug */ = {
			isa = XCBuildConfiguration;
			buildSettings = {
				ALWAYS_SEARCH_USER_PATHS = NO;
				CLANG_CXX_LANGUAGE_STANDARD = "gnu++0x";
				CLANG_CXX_LIBRARY = "libc++";
				CLANG_ENABLE_MODULES = YES;
				CLANG_ENABLE_OBJC_ARC = YES;
				CLANG_WARN_BOOL_CONVERSION = YES;
				CLANG_WARN_CONSTANT_CONVERSION = YES;
				CLANG_WARN_DIRECT_OBJC_ISA_USAGE = YES_ERROR;
				CLANG_WARN_EMPTY_BODY = YES;
				CLANG_WARN_ENUM_CONVERSION = YES;
				CLANG_WARN_INT_CONVERSION = YES;
				CLANG_WARN_OBJC_ROOT_CLASS = YES_ERROR;
				CLANG_WARN_UNREACHABLE_CODE = YES;
				CLANG_WARN__DUPLICATE_METHOD_MATCH = YES;
				"CODE_SIGN_IDENTITY[sdk=iphoneos*]" = "iPhone Developer";
				COPY_PHASE_STRIP = NO;
				ENABLE_STRICT_OBJC_MSGSEND = YES;
				GCC_C_LANGUAGE_STANDARD = gnu99;
				GCC_DYNAMIC_NO_PIC = NO;
				GCC_OPTIMIZATION_LEVEL = 0;
				GCC_PREPROCESSOR_DEFINITIONS = (
					"DEBUG=1",
					"$(inherited)",
				);
				GCC_SYMBOLS_PRIVATE_EXTERN = NO;
				GCC_WARN_64_TO_32_BIT_CONVERSION = YES;
				GCC_WARN_ABOUT_RETURN_TYPE = YES_ERROR;
				GCC_WARN_UNDECLARED_SELECTOR = YES;
				GCC_WARN_UNINITIALIZED_AUTOS = YES_AGGRESSIVE;
				GCC_WARN_UNUSED_FUNCTION = YES;
				GCC_WARN_UNUSED_VARIABLE = YES;
				IPHONEOS_DEPLOYMENT_TARGET = 8.1;
				MTL_ENABLE_DEBUG_INFO = YES;
				ONLY_ACTIVE_ARCH = YES;
				SDKROOT = iphoneos;
			};
			name = Debug;
		};
		CC7C454E1B3D8F7700BBB3DD /* Release */ = {
			isa = XCBuildConfiguration;
			buildSettings = {
				ALWAYS_SEARCH_USER_PATHS = NO;
				CLANG_CXX_LANGUAGE_STANDARD = "gnu++0x";
				CLANG_CXX_LIBRARY = "libc++";
				CLANG_ENABLE_MODULES = YES;
				CLANG_ENABLE_OBJC_ARC = YES;
				CLANG_WARN_BOOL_CONVERSION = YES;
				CLANG_WARN_CONSTANT_CONVERSION = YES;
				CLANG_WARN_DIRECT_OBJC_ISA_USAGE = YES_ERROR;
				CLANG_WARN_EMPTY_BODY = YES;
				CLANG_WARN_ENUM_CONVERSION = YES;
				CLANG_WARN_INT_CONVERSION = YES;
				CLANG_WARN_OBJC_ROOT_CLASS = YES_ERROR;
				CLANG_WARN_UNREACHABLE_CODE = YES;
				CLANG_WARN__DUPLICATE_METHOD_MATCH = YES;
				"CODE_SIGN_IDENTITY[sdk=iphoneos*]" = "iPhone Developer";
				COPY_PHASE_STRIP = YES;
				ENABLE_NS_ASSERTIONS = NO;
				ENABLE_STRICT_OBJC_MSGSEND = YES;
				GCC_C_LANGUAGE_STANDARD = gnu99;
				GCC_WARN_64_TO_32_BIT_CONVERSION = YES;
				GCC_WARN_ABOUT_RETURN_TYPE = YES_ERROR;
				GCC_WARN_UNDECLARED_SELECTOR = YES;
				GCC_WARN_UNINITIALIZED_AUTOS = YES_AGGRESSIVE;
				GCC_WARN_UNUSED_FUNCTION = YES;
				GCC_WARN_UNUSED_VARIABLE = YES;
				IPHONEOS_DEPLOYMENT_TARGET = 8.1;
				MTL_ENABLE_DEBUG_INFO = NO;
				SDKROOT = iphoneos;
				VALIDATE_PRODUCT = YES;
			};
			name = Release;
		};
		CC7C45501B3D8F7700BBB3DD /* Debug */ = {
			isa = XCBuildConfiguration;
			buildSettings = {
				ASSETCATALOG_COMPILER_APPICON_NAME = AppIcon;
				ASSETCATALOG_COMPILER_LAUNCHIMAGE_NAME = LaunchImage;
				CODE_SIGN_IDENTITY = "iPhone Developer";
				"CODE_SIGN_IDENTITY[sdk=iphoneos*]" = "iPhone Developer";
				GCC_INCREASE_PRECOMPILED_HEADER_SHARING = NO;
				GCC_PREFIX_HEADER = "MGWeibo/Classes/Other(其他)/PrefixHeader.pch";
				INFOPLIST_FILE = "MGWeibo/Supporting Files/Info.plist";
				IPHONEOS_DEPLOYMENT_TARGET = 7.0;
				LD_RUNPATH_SEARCH_PATHS = "$(inherited) @executable_path/Frameworks";
				PRODUCT_NAME = MGWeibo;
				PROVISIONING_PROFILE = "";
			};
			name = Debug;
		};
		CC7C45511B3D8F7700BBB3DD /* Release */ = {
			isa = XCBuildConfiguration;
			buildSettings = {
				ASSETCATALOG_COMPILER_APPICON_NAME = AppIcon;
				ASSETCATALOG_COMPILER_LAUNCHIMAGE_NAME = LaunchImage;
				CODE_SIGN_IDENTITY = "iPhone Developer";
				"CODE_SIGN_IDENTITY[sdk=iphoneos*]" = "iPhone Developer";
				GCC_INCREASE_PRECOMPILED_HEADER_SHARING = NO;
				GCC_PREFIX_HEADER = "MGWeibo/Classes/Other(其他)/PrefixHeader.pch";
				INFOPLIST_FILE = "MGWeibo/Supporting Files/Info.plist";
				IPHONEOS_DEPLOYMENT_TARGET = 7.0;
				LD_RUNPATH_SEARCH_PATHS = "$(inherited) @executable_path/Frameworks";
				PRODUCT_NAME = MGWeibo;
				PROVISIONING_PROFILE = "";
			};
			name = Release;
		};
/* End XCBuildConfiguration section */

/* Begin XCConfigurationList section */
		CC7C45271B3D8F7600BBB3DD /* Build configuration list for PBXProject "MGWeibo" */ = {
			isa = XCConfigurationList;
			buildConfigurations = (
				CC7C454D1B3D8F7700BBB3DD /* Debug */,
				CC7C454E1B3D8F7700BBB3DD /* Release */,
			);
			defaultConfigurationIsVisible = 0;
			defaultConfigurationName = Release;
		};
		CC7C454F1B3D8F7700BBB3DD /* Build configuration list for PBXNativeTarget "MGWeibo.temp_caseinsensitive_rename" */ = {
			isa = XCConfigurationList;
			buildConfigurations = (
				CC7C45501B3D8F7700BBB3DD /* Debug */,
				CC7C45511B3D8F7700BBB3DD /* Release */,
			);
			defaultConfigurationIsVisible = 0;
			defaultConfigurationName = Release;
		};
/* End XCConfigurationList section */
	};
	rootObject = CC7C45241B3D8F7600BBB3DD /* Project object */;
}
